// !$*UTF8*$!
{
	archiveVersion = 1;
	classes = {
	};
	objectVersion = 46;
	objects = {

/* Begin PBXBuildFile section */
		7D5D21131E2793E900A04457 /* IconImageView.m in Sources */ = {isa = PBXBuildFile; fileRef = 7D5D21121E2793E900A04457 /* IconImageView.m */; };
		7D5D21171E2797C500A04457 /* UIViewControllerExtension.m in Sources */ = {isa = PBXBuildFile; fileRef = 7D5D21161E2797C500A04457 /* UIViewControllerExtension.m */; };
		7D77D85C1E27CE6F002E85A7 /* NumericPlayFieldViewController.m in Sources */ = {isa = PBXBuildFile; fileRef = 7D77D85B1E27CE6F002E85A7 /* NumericPlayFieldViewController.m */; };
		7D95260E1B5E82C700A7E3A1 /* main.m in Sources */ = {isa = PBXBuildFile; fileRef = 7D95260D1B5E82C700A7E3A1 /* main.m */; };
		7D9526111B5E82C700A7E3A1 /* AppDelegate.m in Sources */ = {isa = PBXBuildFile; fileRef = 7D9526101B5E82C700A7E3A1 /* AppDelegate.m */; };
		7D9526141B5E82C800A7E3A1 /* Oracle.xcdatamodeld in Sources */ = {isa = PBXBuildFile; fileRef = 7D9526121B5E82C700A7E3A1 /* Oracle.xcdatamodeld */; };
		7D9526171B5E82C800A7E3A1 /* RootViewController.m in Sources */ = {isa = PBXBuildFile; fileRef = 7D9526161B5E82C800A7E3A1 /* RootViewController.m */; };
		7D95261C1B5E82C800A7E3A1 /* Images.xcassets in Resources */ = {isa = PBXBuildFile; fileRef = 7D95261B1B5E82C800A7E3A1 /* Images.xcassets */; };
		7D95261F1B5E82C800A7E3A1 /* LaunchScreen.xib in Resources */ = {isa = PBXBuildFile; fileRef = 7D95261D1B5E82C800A7E3A1 /* LaunchScreen.xib */; };
		7D95262B1B5E82C800A7E3A1 /* OracleTests.m in Sources */ = {isa = PBXBuildFile; fileRef = 7D95262A1B5E82C800A7E3A1 /* OracleTests.m */; };
		7D9526351B5E8EE000A7E3A1 /* image.png in Resources */ = {isa = PBXBuildFile; fileRef = 7D9526341B5E8EE000A7E3A1 /* image.png */; };
		7D9BFE181E014F8B006A41D5 /* HistoryTableViewController.m in Sources */ = {isa = PBXBuildFile; fileRef = 7D9BFE171E014F8B006A41D5 /* HistoryTableViewController.m */; };
		7D9BFE1D1E019C8D006A41D5 /* DetailsViewController.m in Sources */ = {isa = PBXBuildFile; fileRef = 7D9BFE1C1E019C8D006A41D5 /* DetailsViewController.m */; };
		7DAED45E1DFFEA400067DBC1 /* Localizable.strings in Resources */ = {isa = PBXBuildFile; fileRef = 7DAED45C1DFFEA400067DBC1 /* Localizable.strings */; };
		7DAED4621DFFEA490067DBC1 /* LaunchScreen.strings in Resources */ = {isa = PBXBuildFile; fileRef = 7DAED4601DFFEA490067DBC1 /* LaunchScreen.strings */; };
		7DAED4651DFFEB2C0067DBC1 /* Localizable.strings in Resources */ = {isa = PBXBuildFile; fileRef = 7DAED4631DFFEB2C0067DBC1 /* Localizable.strings */; };
		7DB4A1C41DF8594500A5E1A4 /* From1to99Manager.m in Sources */ = {isa = PBXBuildFile; fileRef = 7DB4A1C31DF8594500A5E1A4 /* From1to99Manager.m */; };
		7DB4A1C81DF8596A00A5E1A4 /* History.m in Sources */ = {isa = PBXBuildFile; fileRef = 7DB4A1C71DF8596A00A5E1A4 /* History.m */; };
		7DB4A1CE1DF8599D00A5E1A4 /* EnterNameViewController.m in Sources */ = {isa = PBXBuildFile; fileRef = 7DB4A1CB1DF8599D00A5E1A4 /* EnterNameViewController.m */; };
		7DB4A1CF1DF8599D00A5E1A4 /* SaveResultViewController.m in Sources */ = {isa = PBXBuildFile; fileRef = 7DB4A1CD1DF8599D00A5E1A4 /* SaveResultViewController.m */; };
		7DB4A1DB1DF8766100A5E1A4 /* NSFileManagerExtension.m in Sources */ = {isa = PBXBuildFile; fileRef = 7DB4A1D81DF8766100A5E1A4 /* NSFileManagerExtension.m */; };
		7DB4A1DC1DF8766100A5E1A4 /* NSStringExtension.m in Sources */ = {isa = PBXBuildFile; fileRef = 7DB4A1DA1DF8766100A5E1A4 /* NSStringExtension.m */; };
		7DB4A1DF1DF8769200A5E1A4 /* UIImageExtension.m in Sources */ = {isa = PBXBuildFile; fileRef = 7DB4A1DE1DF8769200A5E1A4 /* UIImageExtension.m */; };
		7DBCFF741DFEE70800E43961 /* LocalStorageManager.m in Sources */ = {isa = PBXBuildFile; fileRef = 7DBCFF731DFEE70800E43961 /* LocalStorageManager.m */; };
/* End PBXBuildFile section */

/* Begin PBXContainerItemProxy section */
		7D9526251B5E82C800A7E3A1 /* PBXContainerItemProxy */ = {
			isa = PBXContainerItemProxy;
			containerPortal = 7D9526001B5E82C700A7E3A1 /* Project object */;
			proxyType = 1;
			remoteGlobalIDString = 7D9526071B5E82C700A7E3A1;
			remoteInfo = Oracle;
		};
/* End PBXContainerItemProxy section */

/* Begin PBXFileReference section */
		7D5D21111E2793E900A04457 /* IconImageView.h */ = {isa = PBXFileReference; fileEncoding = 4; lastKnownFileType = sourcecode.c.h; path = IconImageView.h; sourceTree = "<group>"; };
		7D5D21121E2793E900A04457 /* IconImageView.m */ = {isa = PBXFileReference; fileEncoding = 4; lastKnownFileType = sourcecode.c.objc; path = IconImageView.m; sourceTree = "<group>"; };
		7D5D21151E2797C500A04457 /* UIViewControllerExtension.h */ = {isa = PBXFileReference; fileEncoding = 4; lastKnownFileType = sourcecode.c.h; path = UIViewControllerExtension.h; sourceTree = "<group>"; };
		7D5D21161E2797C500A04457 /* UIViewControllerExtension.m */ = {isa = PBXFileReference; fileEncoding = 4; lastKnownFileType = sourcecode.c.objc; path = UIViewControllerExtension.m; sourceTree = "<group>"; };
		7D77D85A1E27CE6F002E85A7 /* NumericPlayFieldViewController.h */ = {isa = PBXFileReference; fileEncoding = 4; lastKnownFileType = sourcecode.c.h; path = NumericPlayFieldViewController.h; sourceTree = "<group>"; };
		7D77D85B1E27CE6F002E85A7 /* NumericPlayFieldViewController.m */ = {isa = PBXFileReference; fileEncoding = 4; lastKnownFileType = sourcecode.c.objc; path = NumericPlayFieldViewController.m; sourceTree = "<group>"; };
		7D9526081B5E82C700A7E3A1 /* Oracle.app */ = {isa = PBXFileReference; explicitFileType = wrapper.application; includeInIndex = 0; path = Oracle.app; sourceTree = BUILT_PRODUCTS_DIR; };
		7D95260C1B5E82C700A7E3A1 /* Info.plist */ = {isa = PBXFileReference; lastKnownFileType = text.plist.xml; path = Info.plist; sourceTree = "<group>"; };
		7D95260D1B5E82C700A7E3A1 /* main.m */ = {isa = PBXFileReference; lastKnownFileType = sourcecode.c.objc; path = main.m; sourceTree = "<group>"; };
		7D95260F1B5E82C700A7E3A1 /* AppDelegate.h */ = {isa = PBXFileReference; lastKnownFileType = sourcecode.c.h; path = AppDelegate.h; sourceTree = "<group>"; };
		7D9526101B5E82C700A7E3A1 /* AppDelegate.m */ = {isa = PBXFileReference; lastKnownFileType = sourcecode.c.objc; path = AppDelegate.m; sourceTree = "<group>"; };
		7D9526131B5E82C700A7E3A1 /* Oracle.xcdatamodel */ = {isa = PBXFileReference; lastKnownFileType = wrapper.xcdatamodel; path = Oracle.xcdatamodel; sourceTree = "<group>"; };
		7D9526151B5E82C800A7E3A1 /* RootViewController.h */ = {isa = PBXFileReference; lastKnownFileType = sourcecode.c.h; path = RootViewController.h; sourceTree = "<group>"; };
		7D9526161B5E82C800A7E3A1 /* RootViewController.m */ = {isa = PBXFileReference; lastKnownFileType = sourcecode.c.objc; path = RootViewController.m; sourceTree = "<group>"; };
		7D95261B1B5E82C800A7E3A1 /* Images.xcassets */ = {isa = PBXFileReference; lastKnownFileType = folder.assetcatalog; path = Images.xcassets; sourceTree = "<group>"; };
		7D95261E1B5E82C800A7E3A1 /* Base */ = {isa = PBXFileReference; lastKnownFileType = file.xib; name = Base; path = Base.lproj/LaunchScreen.xib; sourceTree = "<group>"; };
		7D9526241B5E82C800A7E3A1 /* OracleTests.xctest */ = {isa = PBXFileReference; explicitFileType = wrapper.cfbundle; includeInIndex = 0; path = OracleTests.xctest; sourceTree = BUILT_PRODUCTS_DIR; };
		7D9526291B5E82C800A7E3A1 /* Info.plist */ = {isa = PBXFileReference; lastKnownFileType = text.plist.xml; path = Info.plist; sourceTree = "<group>"; };
		7D95262A1B5E82C800A7E3A1 /* OracleTests.m */ = {isa = PBXFileReference; lastKnownFileType = sourcecode.c.objc; path = OracleTests.m; sourceTree = "<group>"; };
		7D9526341B5E8EE000A7E3A1 /* image.png */ = {isa = PBXFileReference; lastKnownFileType = image.png; path = image.png; sourceTree = "<group>"; };
		7D9BFE161E014F8B006A41D5 /* HistoryTableViewController.h */ = {isa = PBXFileReference; fileEncoding = 4; lastKnownFileType = sourcecode.c.h; path = HistoryTableViewController.h; sourceTree = "<group>"; };
		7D9BFE171E014F8B006A41D5 /* HistoryTableViewController.m */ = {isa = PBXFileReference; fileEncoding = 4; lastKnownFileType = sourcecode.c.objc; path = HistoryTableViewController.m; sourceTree = "<group>"; };
		7D9BFE1B1E019C8D006A41D5 /* DetailsViewController.h */ = {isa = PBXFileReference; fileEncoding = 4; lastKnownFileType = sourcecode.c.h; path = DetailsViewController.h; sourceTree = "<group>"; };
		7D9BFE1C1E019C8D006A41D5 /* DetailsViewController.m */ = {isa = PBXFileReference; fileEncoding = 4; lastKnownFileType = sourcecode.c.objc; path = DetailsViewController.m; sourceTree = "<group>"; };
		7DAED4571DFFE93B0067DBC1 /* uk */ = {isa = PBXFileReference; lastKnownFileType = text.plist.strings; name = uk; path = uk.lproj/LaunchScreen.strings; sourceTree = "<group>"; };
		7DAED45D1DFFEA400067DBC1 /* en */ = {isa = PBXFileReference; lastKnownFileType = text.plist.strings; name = en; path = Localizable.strings; sourceTree = "<group>"; };
		7DAED4611DFFEA490067DBC1 /* uk */ = {isa = PBXFileReference; lastKnownFileType = text.plist.strings; name = uk; path = LaunchScreen.strings; sourceTree = "<group>"; };
		7DAED4641DFFEB2C0067DBC1 /* uk */ = {isa = PBXFileReference; lastKnownFileType = text.plist.strings; name = uk; path = Localizable.strings; sourceTree = "<group>"; };
		7DB4A1C21DF8594500A5E1A4 /* From1to99Manager.h */ = {isa = PBXFileReference; fileEncoding = 4; lastKnownFileType = sourcecode.c.h; path = From1to99Manager.h; sourceTree = "<group>"; };
		7DB4A1C31DF8594500A5E1A4 /* From1to99Manager.m */ = {isa = PBXFileReference; fileEncoding = 4; lastKnownFileType = sourcecode.c.objc; path = From1to99Manager.m; sourceTree = "<group>"; };
		7DB4A1C61DF8596A00A5E1A4 /* History.h */ = {isa = PBXFileReference; fileEncoding = 4; lastKnownFileType = sourcecode.c.h; path = History.h; sourceTree = "<group>"; };
		7DB4A1C71DF8596A00A5E1A4 /* History.m */ = {isa = PBXFileReference; fileEncoding = 4; lastKnownFileType = sourcecode.c.objc; path = History.m; sourceTree = "<group>"; };
		7DB4A1CA1DF8599D00A5E1A4 /* EnterNameViewController.h */ = {isa = PBXFileReference; fileEncoding = 4; lastKnownFileType = sourcecode.c.h; path = EnterNameViewController.h; sourceTree = "<group>"; };
		7DB4A1CB1DF8599D00A5E1A4 /* EnterNameViewController.m */ = {isa = PBXFileReference; fileEncoding = 4; lastKnownFileType = sourcecode.c.objc; path = EnterNameViewController.m; sourceTree = "<group>"; };
		7DB4A1CC1DF8599D00A5E1A4 /* SaveResultViewController.h */ = {isa = PBXFileReference; fileEncoding = 4; lastKnownFileType = sourcecode.c.h; path = SaveResultViewController.h; sourceTree = "<group>"; };
		7DB4A1CD1DF8599D00A5E1A4 /* SaveResultViewController.m */ = {isa = PBXFileReference; fileEncoding = 4; lastKnownFileType = sourcecode.c.objc; path = SaveResultViewController.m; sourceTree = "<group>"; };
		7DB4A1D71DF8766100A5E1A4 /* NSFileManagerExtension.h */ = {isa = PBXFileReference; fileEncoding = 4; lastKnownFileType = sourcecode.c.h; path = NSFileManagerExtension.h; sourceTree = "<group>"; };
		7DB4A1D81DF8766100A5E1A4 /* NSFileManagerExtension.m */ = {isa = PBXFileReference; fileEncoding = 4; lastKnownFileType = sourcecode.c.objc; path = NSFileManagerExtension.m; sourceTree = "<group>"; };
		7DB4A1D91DF8766100A5E1A4 /* NSStringExtension.h */ = {isa = PBXFileReference; fileEncoding = 4; lastKnownFileType = sourcecode.c.h; path = NSStringExtension.h; sourceTree = "<group>"; };
		7DB4A1DA1DF8766100A5E1A4 /* NSStringExtension.m */ = {isa = PBXFileReference; fileEncoding = 4; lastKnownFileType = sourcecode.c.objc; path = NSStringExtension.m; sourceTree = "<group>"; };
		7DB4A1DD1DF8769200A5E1A4 /* UIImageExtension.h */ = {isa = PBXFileReference; fileEncoding = 4; lastKnownFileType = sourcecode.c.h; path = UIImageExtension.h; sourceTree = "<group>"; };
		7DB4A1DE1DF8769200A5E1A4 /* UIImageExtension.m */ = {isa = PBXFileReference; fileEncoding = 4; lastKnownFileType = sourcecode.c.objc; path = UIImageExtension.m; sourceTree = "<group>"; };
		7DBCFF721DFEE70700E43961 /* LocalStorageManager.h */ = {isa = PBXFileReference; fileEncoding = 4; lastKnownFileType = sourcecode.c.h; path = LocalStorageManager.h; sourceTree = "<group>"; };
		7DBCFF731DFEE70800E43961 /* LocalStorageManager.m */ = {isa = PBXFileReference; fileEncoding = 4; lastKnownFileType = sourcecode.c.objc; path = LocalStorageManager.m; sourceTree = "<group>"; };
/* End PBXFileReference section */

/* Begin PBXFrameworksBuildPhase section */
		7D9526051B5E82C700A7E3A1 /* Frameworks */ = {
			isa = PBXFrameworksBuildPhase;
			buildActionMask = 2147483647;
			files = (
			);
			runOnlyForDeploymentPostprocessing = 0;
		};
		7D9526211B5E82C800A7E3A1 /* Frameworks */ = {
			isa = PBXFrameworksBuildPhase;
			buildActionMask = 2147483647;
			files = (
			);
			runOnlyForDeploymentPostprocessing = 0;
		};
/* End PBXFrameworksBuildPhase section */

/* Begin PBXGroup section */
		7D9525FF1B5E82C700A7E3A1 = {
			isa = PBXGroup;
			children = (
				7D95260A1B5E82C700A7E3A1 /* Oracle */,
				7D9526271B5E82C800A7E3A1 /* OracleTests */,
				7D9526091B5E82C700A7E3A1 /* Products */,
			);
			sourceTree = "<group>";
		};
		7D9526091B5E82C700A7E3A1 /* Products */ = {
			isa = PBXGroup;
			children = (
				7D9526081B5E82C700A7E3A1 /* Oracle.app */,
				7D9526241B5E82C800A7E3A1 /* OracleTests.xctest */,
			);
			name = Products;
			sourceTree = "<group>";
		};
		7D95260A1B5E82C700A7E3A1 /* Oracle */ = {
			isa = PBXGroup;
			children = (
				7D95260F1B5E82C700A7E3A1 /* AppDelegate.h */,
				7D9526101B5E82C700A7E3A1 /* AppDelegate.m */,
				7D9526151B5E82C800A7E3A1 /* RootViewController.h */,
				7D9526161B5E82C800A7E3A1 /* RootViewController.m */,
				7DB4A1C91DF8599D00A5E1A4 /* InterfaceLayer */,
				7DB4A1C51DF8596A00A5E1A4 /* DataLayer */,
				7DB4A1C11DF8594500A5E1A4 /* Managers */,
				7DB4A1D61DF8766100A5E1A4 /* Extensions */,
				7D9526341B5E8EE000A7E3A1 /* image.png */,
				7D95261B1B5E82C800A7E3A1 /* Images.xcassets */,
				7D95261D1B5E82C800A7E3A1 /* LaunchScreen.xib */,
				7D9526121B5E82C700A7E3A1 /* Oracle.xcdatamodeld */,
				7D95260B1B5E82C700A7E3A1 /* Supporting Files */,
			);
			path = Oracle;
			sourceTree = "<group>";
		};
		7D95260B1B5E82C700A7E3A1 /* Supporting Files */ = {
			isa = PBXGroup;
			children = (
				7DAED45F1DFFEA490067DBC1 /* uk.lproj */,
				7DAED45B1DFFEA400067DBC1 /* en.lproj */,
				7D95260C1B5E82C700A7E3A1 /* Info.plist */,
				7D95260D1B5E82C700A7E3A1 /* main.m */,
			);
			name = "Supporting Files";
			sourceTree = "<group>";
		};
		7D9526271B5E82C800A7E3A1 /* OracleTests */ = {
			isa = PBXGroup;
			children = (
				7D95262A1B5E82C800A7E3A1 /* OracleTests.m */,
				7D9526281B5E82C800A7E3A1 /* Supporting Files */,
			);
			path = OracleTests;
			sourceTree = "<group>";
		};
		7D9526281B5E82C800A7E3A1 /* Supporting Files */ = {
			isa = PBXGroup;
			children = (
				7D9526291B5E82C800A7E3A1 /* Info.plist */,
			);
			name = "Supporting Files";
			sourceTree = "<group>";
		};
		7DAED45B1DFFEA400067DBC1 /* en.lproj */ = {
			isa = PBXGroup;
			children = (
				7DAED45C1DFFEA400067DBC1 /* Localizable.strings */,
			);
			path = en.lproj;
			sourceTree = "<group>";
		};
		7DAED45F1DFFEA490067DBC1 /* uk.lproj */ = {
			isa = PBXGroup;
			children = (
				7DAED4601DFFEA490067DBC1 /* LaunchScreen.strings */,
				7DAED4631DFFEB2C0067DBC1 /* Localizable.strings */,
			);
			path = uk.lproj;
			sourceTree = "<group>";
		};
		7DB4A1C11DF8594500A5E1A4 /* Managers */ = {
			isa = PBXGroup;
			children = (
				7DB4A1C21DF8594500A5E1A4 /* From1to99Manager.h */,
				7DB4A1C31DF8594500A5E1A4 /* From1to99Manager.m */,
				7DBCFF721DFEE70700E43961 /* LocalStorageManager.h */,
				7DBCFF731DFEE70800E43961 /* LocalStorageManager.m */,
			);
			path = Managers;
			sourceTree = "<group>";
		};
		7DB4A1C51DF8596A00A5E1A4 /* DataLayer */ = {
			isa = PBXGroup;
			children = (
				7DB4A1C61DF8596A00A5E1A4 /* History.h */,
				7DB4A1C71DF8596A00A5E1A4 /* History.m */,
			);
			path = DataLayer;
			sourceTree = "<group>";
		};
		7DB4A1C91DF8599D00A5E1A4 /* InterfaceLayer */ = {
			isa = PBXGroup;
			children = (
				7DB4A1CA1DF8599D00A5E1A4 /* EnterNameViewController.h */,
				7DB4A1CB1DF8599D00A5E1A4 /* EnterNameViewController.m */,
				7D77D85A1E27CE6F002E85A7 /* NumericPlayFieldViewController.h */,
				7D77D85B1E27CE6F002E85A7 /* NumericPlayFieldViewController.m */,
				7DB4A1CC1DF8599D00A5E1A4 /* SaveResultViewController.h */,
				7DB4A1CD1DF8599D00A5E1A4 /* SaveResultViewController.m */,
				7D9BFE161E014F8B006A41D5 /* HistoryTableViewController.h */,
				7D9BFE171E014F8B006A41D5 /* HistoryTableViewController.m */,
				7D9BFE1B1E019C8D006A41D5 /* DetailsViewController.h */,
				7D9BFE1C1E019C8D006A41D5 /* DetailsViewController.m */,
				7D5D21111E2793E900A04457 /* IconImageView.h */,
				7D5D21121E2793E900A04457 /* IconImageView.m */,
			);
			path = InterfaceLayer;
			sourceTree = "<group>";
		};
		7DB4A1D61DF8766100A5E1A4 /* Extensions */ = {
			isa = PBXGroup;
			children = (
				7DB4A1D71DF8766100A5E1A4 /* NSFileManagerExtension.h */,
				7DB4A1D81DF8766100A5E1A4 /* NSFileManagerExtension.m */,
				7DB4A1D91DF8766100A5E1A4 /* NSStringExtension.h */,
				7DB4A1DA1DF8766100A5E1A4 /* NSStringExtension.m */,
				7DB4A1DD1DF8769200A5E1A4 /* UIImageExtension.h */,
				7DB4A1DE1DF8769200A5E1A4 /* UIImageExtension.m */,
				7D5D21151E2797C500A04457 /* UIViewControllerExtension.h */,
				7D5D21161E2797C500A04457 /* UIViewControllerExtension.m */,
			);
			path = Extensions;
			sourceTree = "<group>";
		};
/* End PBXGroup section */

/* Begin PBXNativeTarget section */
		7D9526071B5E82C700A7E3A1 /* Oracle */ = {
			isa = PBXNativeTarget;
			buildConfigurationList = 7D95262E1B5E82C800A7E3A1 /* Build configuration list for PBXNativeTarget "Oracle" */;
			buildPhases = (
				7D9526041B5E82C700A7E3A1 /* Sources */,
				7D9526051B5E82C700A7E3A1 /* Frameworks */,
				7D9526061B5E82C700A7E3A1 /* Resources */,
			);
			buildRules = (
			);
			dependencies = (
			);
			name = Oracle;
			productName = Oracle;
			productReference = 7D9526081B5E82C700A7E3A1 /* Oracle.app */;
			productType = "com.apple.product-type.application";
		};
		7D9526231B5E82C800A7E3A1 /* OracleTests */ = {
			isa = PBXNativeTarget;
			buildConfigurationList = 7D9526311B5E82C800A7E3A1 /* Build configuration list for PBXNativeTarget "OracleTests" */;
			buildPhases = (
				7D9526201B5E82C800A7E3A1 /* Sources */,
				7D9526211B5E82C800A7E3A1 /* Frameworks */,
				7D9526221B5E82C800A7E3A1 /* Resources */,
			);
			buildRules = (
			);
			dependencies = (
				7D9526261B5E82C800A7E3A1 /* PBXTargetDependency */,
			);
			name = OracleTests;
			productName = OracleTests;
			productReference = 7D9526241B5E82C800A7E3A1 /* OracleTests.xctest */;
			productType = "com.apple.product-type.bundle.unit-test";
		};
/* End PBXNativeTarget section */

/* Begin PBXProject section */
		7D9526001B5E82C700A7E3A1 /* Project object */ = {
			isa = PBXProject;
			attributes = {
				LastUpgradeCheck = 0630;
				ORGANIZATIONNAME = Bmuse;
				TargetAttributes = {
					7D9526071B5E82C700A7E3A1 = {
						CreatedOnToolsVersion = 6.3;
					};
					7D9526231B5E82C800A7E3A1 = {
						CreatedOnToolsVersion = 6.3;
						TestTargetID = 7D9526071B5E82C700A7E3A1;
					};
				};
			};
			buildConfigurationList = 7D9526031B5E82C700A7E3A1 /* Build configuration list for PBXProject "Oracle" */;
			compatibilityVersion = "Xcode 3.2";
			developmentRegion = English;
			hasScannedForEncodings = 0;
			knownRegions = (
				en,
				Base,
				uk,
			);
			mainGroup = 7D9525FF1B5E82C700A7E3A1;
			productRefGroup = 7D9526091B5E82C700A7E3A1 /* Products */;
			projectDirPath = "";
			projectRoot = "";
			targets = (
				7D9526071B5E82C700A7E3A1 /* Oracle */,
				7D9526231B5E82C800A7E3A1 /* OracleTests */,
			);
		};
/* End PBXProject section */

/* Begin PBXResourcesBuildPhase section */
		7D9526061B5E82C700A7E3A1 /* Resources */ = {
			isa = PBXResourcesBuildPhase;
			buildActionMask = 2147483647;
			files = (
				7DAED45E1DFFEA400067DBC1 /* Localizable.strings in Resources */,
				7DAED4651DFFEB2C0067DBC1 /* Localizable.strings in Resources */,
				7DAED4621DFFEA490067DBC1 /* LaunchScreen.strings in Resources */,
				7D95261F1B5E82C800A7E3A1 /* LaunchScreen.xib in Resources */,
				7D95261C1B5E82C800A7E3A1 /* Images.xcassets in Resources */,
				7D9526351B5E8EE000A7E3A1 /* image.png in Resources */,
			);
			runOnlyForDeploymentPostprocessing = 0;
		};
		7D9526221B5E82C800A7E3A1 /* Resources */ = {
			isa = PBXResourcesBuildPhase;
			buildActionMask = 2147483647;
			files = (
			);
			runOnlyForDeploymentPostprocessing = 0;
		};
/* End PBXResourcesBuildPhase section */

/* Begin PBXSourcesBuildPhase section */
		7D9526041B5E82C700A7E3A1 /* Sources */ = {
			isa = PBXSourcesBuildPhase;
			buildActionMask = 2147483647;
			files = (
				7D5D21171E2797C500A04457 /* UIViewControllerExtension.m in Sources */,
				7D9BFE181E014F8B006A41D5 /* HistoryTableViewController.m in Sources */,
				7DB4A1CE1DF8599D00A5E1A4 /* EnterNameViewController.m in Sources */,
				7DB4A1CF1DF8599D00A5E1A4 /* SaveResultViewController.m in Sources */,
				7DB4A1DB1DF8766100A5E1A4 /* NSFileManagerExtension.m in Sources */,
				7DBCFF741DFEE70800E43961 /* LocalStorageManager.m in Sources */,
				7D9526141B5E82C800A7E3A1 /* Oracle.xcdatamodeld in Sources */,
				7D77D85C1E27CE6F002E85A7 /* NumericPlayFieldViewController.m in Sources */,
				7D9526111B5E82C700A7E3A1 /* AppDelegate.m in Sources */,
				7DB4A1C41DF8594500A5E1A4 /* From1to99Manager.m in Sources */,
				7D9526171B5E82C800A7E3A1 /* RootViewController.m in Sources */,
				7D5D21131E2793E900A04457 /* IconImageView.m in Sources */,
				7D95260E1B5E82C700A7E3A1 /* main.m in Sources */,
				7DB4A1C81DF8596A00A5E1A4 /* History.m in Sources */,
				7D9BFE1D1E019C8D006A41D5 /* DetailsViewController.m in Sources */,
				7DB4A1DF1DF8769200A5E1A4 /* UIImageExtension.m in Sources */,
				7DB4A1DC1DF8766100A5E1A4 /* NSStringExtension.m in Sources */,
			);
			runOnlyForDeploymentPostprocessing = 0;
		};
		7D9526201B5E82C800A7E3A1 /* Sources */ = {
			isa = PBXSourcesBuildPhase;
			buildActionMask = 2147483647;
			files = (
				7D95262B1B5E82C800A7E3A1 /* OracleTests.m in Sources */,
			);
			runOnlyForDeploymentPostprocessing = 0;
		};
/* End PBXSourcesBuildPhase section */

/* Begin PBXTargetDependency section */
		7D9526261B5E82C800A7E3A1 /* PBXTargetDependency */ = {
			isa = PBXTargetDependency;
			target = 7D9526071B5E82C700A7E3A1 /* Oracle */;
			targetProxy = 7D9526251B5E82C800A7E3A1 /* PBXContainerItemProxy */;
		};
/* End PBXTargetDependency section */

/* Begin PBXVariantGroup section */
		7D95261D1B5E82C800A7E3A1 /* LaunchScreen.xib */ = {
			isa = PBXVariantGroup;
			children = (
				7D95261E1B5E82C800A7E3A1 /* Base */,
				7DAED4571DFFE93B0067DBC1 /* uk */,
			);
			name = LaunchScreen.xib;
			sourceTree = "<group>";
		};
		7DAED45C1DFFEA400067DBC1 /* Localizable.strings */ = {
			isa = PBXVariantGroup;
			children = (
				7DAED45D1DFFEA400067DBC1 /* en */,
			);
			name = Localizable.strings;
			sourceTree = "<group>";
		};
		7DAED4601DFFEA490067DBC1 /* LaunchScreen.strings */ = {
			isa = PBXVariantGroup;
			children = (
				7DAED4611DFFEA490067DBC1 /* uk */,
			);
			name = LaunchScreen.strings;
			sourceTree = "<group>";
		};
		7DAED4631DFFEB2C0067DBC1 /* Localizable.strings */ = {
			isa = PBXVariantGroup;
			children = (
				7DAED4641DFFEB2C0067DBC1 /* uk */,
			);
			name = Localizable.strings;
			sourceTree = "<group>";
		};
/* End PBXVariantGroup section */

/* Begin XCBuildConfiguration section */
		7D95262C1B5E82C800A7E3A1 /* Debug */ = {
			isa = XCBuildConfiguration;
			buildSettings = {
				ALWAYS_SEARCH_USER_PATHS = NO;
				CLANG_ANALYZER_LOCALIZABILITY_NONLOCALIZED = YES;
				CLANG_CXX_LANGUAGE_STANDARD = "gnu++0x";
				CLANG_CXX_LIBRARY = "libc++";
				CLANG_ENABLE_MODULES = YES;
				CLANG_ENABLE_OBJC_ARC = YES;
				CLANG_WARN_BOOL_CONVERSION = YES;
				CLANG_WARN_CONSTANT_CONVERSION = YES;
				CLANG_WARN_DIRECT_OBJC_ISA_USAGE = YES_ERROR;
				CLANG_WARN_EMPTY_BODY = YES;
				CLANG_WARN_ENUM_CONVERSION = YES;
				CLANG_WARN_INT_CONVERSION = YES;
				CLANG_WARN_OBJC_ROOT_CLASS = YES_ERROR;
				CLANG_WARN_UNREACHABLE_CODE = YES;
				CLANG_WARN__DUPLICATE_METHOD_MATCH = YES;
				"CODE_SIGN_IDENTITY[sdk=iphoneos*]" = "iPhone Developer";
				COPY_PHASE_STRIP = NO;
				DEBUG_INFORMATION_FORMAT = "dwarf-with-dsym";
				ENABLE_STRICT_OBJC_MSGSEND = YES;
				GCC_C_LANGUAGE_STANDARD = gnu99;
				GCC_DYNAMIC_NO_PIC = NO;
				GCC_NO_COMMON_BLOCKS = YES;
				GCC_OPTIMIZATION_LEVEL = 0;
				GCC_PREPROCESSOR_DEFINITIONS = (
					"DEBUG=1",
					"$(inherited)",
				);
				GCC_SYMBOLS_PRIVATE_EXTERN = NO;
				GCC_WARN_64_TO_32_BIT_CONVERSION = YES;
				GCC_WARN_ABOUT_RETURN_TYPE = YES_ERROR;
				GCC_WARN_UNDECLARED_SELECTOR = YES;
				GCC_WARN_UNINITIALIZED_AUTOS = YES_AGGRESSIVE;
				GCC_WARN_UNUSED_FUNCTION = YES;
				GCC_WARN_UNUSED_VARIABLE = YES;
				IPHONEOS_DEPLOYMENT_TARGET = 8.3;
				MTL_ENABLE_DEBUG_INFO = YES;
				ONLY_ACTIVE_ARCH = YES;
				SDKROOT = iphoneos;
				TARGETED_DEVICE_FAMILY = "1,2";
			};
			name = Debug;
		};
		7D95262D1B5E82C800A7E3A1 /* Release */ = {
			isa = XCBuildConfiguration;
			buildSettings = {
				ALWAYS_SEARCH_USER_PATHS = NO;
				CLANG_ANALYZER_LOCALIZABILITY_NONLOCALIZED = YES;
				CLANG_CXX_LANGUAGE_STANDARD = "gnu++0x";
				CLANG_CXX_LIBRARY = "libc++";
				CLANG_ENABLE_MODULES = YES;
				CLANG_ENABLE_OBJC_ARC = YES;
				CLANG_WARN_BOOL_CONVERSION = YES;
				CLANG_WARN_CONSTANT_CONVERSION = YES;
				CLANG_WARN_DIRECT_OBJC_ISA_USAGE = YES_ERROR;
				CLANG_WARN_EMPTY_BODY = YES;
				CLANG_WARN_ENUM_CONVERSION = YES;
				CLANG_WARN_INT_CONVERSION = YES;
				CLANG_WARN_OBJC_ROOT_CLASS = YES_ERROR;
				CLANG_WARN_UNREACHABLE_CODE = YES;
				CLANG_WARN__DUPLICATE_METHOD_MATCH = YES;
				"CODE_SIGN_IDENTITY[sdk=iphoneos*]" = "iPhone Developer";
				COPY_PHASE_STRIP = NO;
				DEBUG_INFORMATION_FORMAT = "dwarf-with-dsym";
				ENABLE_NS_ASSERTIONS = NO;
				ENABLE_STRICT_OBJC_MSGSEND = YES;
				GCC_C_LANGUAGE_STANDARD = gnu99;
				GCC_NO_COMMON_BLOCKS = YES;
				GCC_WARN_64_TO_32_BIT_CONVERSION = YES;
				GCC_WARN_ABOUT_RETURN_TYPE = YES_ERROR;
				GCC_WARN_UNDECLARED_SELECTOR = YES;
				GCC_WARN_UNINITIALIZED_AUTOS = YES_AGGRESSIVE;
				GCC_WARN_UNUSED_FUNCTION = YES;
				GCC_WARN_UNUSED_VARIABLE = YES;
				IPHONEOS_DEPLOYMENT_TARGET = 8.3;
				MTL_ENABLE_DEBUG_INFO = NO;
				SDKROOT = iphoneos;
				TARGETED_DEVICE_FAMILY = "1,2";
				VALIDATE_PRODUCT = YES;
			};
			name = Release;
		};
		7D95262F1B5E82C800A7E3A1 /* Debug */ = {
			isa = XCBuildConfiguration;
			buildSettings = {
				ASSETCATALOG_COMPILER_APPICON_NAME = AppIcon;
				INFOPLIST_FILE = Oracle/Info.plist;
				LD_RUNPATH_SEARCH_PATHS = "$(inherited) @executable_path/Frameworks";
				PRODUCT_NAME = "$(TARGET_NAME)";
			};
			name = Debug;
		};
		7D9526301B5E82C800A7E3A1 /* Release */ = {
			isa = XCBuildConfiguration;
			buildSettings = {
				ASSETCATALOG_COMPILER_APPICON_NAME = AppIcon;
				INFOPLIST_FILE = Oracle/Info.plist;
				LD_RUNPATH_SEARCH_PATHS = "$(inherited) @executable_path/Frameworks";
				PRODUCT_NAME = "$(TARGET_NAME)";
			};
			name = Release;
		};
		7D9526321B5E82C800A7E3A1 /* Debug */ = {
			isa = XCBuildConfiguration;
			buildSettings = {
				BUNDLE_LOADER = "$(TEST_HOST)";
				FRAMEWORK_SEARCH_PATHS = (
					"$(SDKROOT)/Developer/Library/Frameworks",
					"$(inherited)",
				);
				GCC_PREPROCESSOR_DEFINITIONS = (
					"DEBUG=1",
					"$(inherited)",
				);
				INFOPLIST_FILE = OracleTests/Info.plist;
				LD_RUNPATH_SEARCH_PATHS = "$(inherited) @executable_path/Frameworks @loader_path/Frameworks";
				PRODUCT_NAME = "$(TARGET_NAME)";
				TEST_HOST = "$(BUILT_PRODUCTS_DIR)/Oracle.app/Oracle";
			};
			name = Debug;
		};
		7D9526331B5E82C800A7E3A1 /* Release */ = {
			isa = XCBuildConfiguration;
			buildSettings = {
				BUNDLE_LOADER = "$(TEST_HOST)";
				FRAMEWORK_SEARCH_PATHS = (
					"$(SDKROOT)/Developer/Library/Frameworks",
					"$(inherited)",
				);
				INFOPLIST_FILE = OracleTests/Info.plist;
				LD_RUNPATH_SEARCH_PATHS = "$(inherited) @executable_path/Frameworks @loader_path/Frameworks";
				PRODUCT_NAME = "$(TARGET_NAME)";
				TEST_HOST = "$(BUILT_PRODUCTS_DIR)/Oracle.app/Oracle";
			};
			name = Release;
		};
/* End XCBuildConfiguration section */

/* Begin XCConfigurationList section */
		7D9526031B5E82C700A7E3A1 /* Build configuration list for PBXProject "Oracle" */ = {
			isa = XCConfigurationList;
			buildConfigurations = (
				7D95262C1B5E82C800A7E3A1 /* Debug */,
				7D95262D1B5E82C800A7E3A1 /* Release */,
			);
			defaultConfigurationIsVisible = 0;
			defaultConfigurationName = Release;
		};
		7D95262E1B5E82C800A7E3A1 /* Build configuration list for PBXNativeTarget "Oracle" */ = {
			isa = XCConfigurationList;
			buildConfigurations = (
				7D95262F1B5E82C800A7E3A1 /* Debug */,
				7D9526301B5E82C800A7E3A1 /* Release */,
			);
			defaultConfigurationIsVisible = 0;
			defaultConfigurationName = Release;
		};
		7D9526311B5E82C800A7E3A1 /* Build configuration list for PBXNativeTarget "OracleTests" */ = {
			isa = XCConfigurationList;
			buildConfigurations = (
				7D9526321B5E82C800A7E3A1 /* Debug */,
				7D9526331B5E82C800A7E3A1 /* Release */,
			);
			defaultConfigurationIsVisible = 0;
			defaultConfigurationName = Release;
		};
/* End XCConfigurationList section */

/* Begin XCVersionGroup section */
		7D9526121B5E82C700A7E3A1 /* Oracle.xcdatamodeld */ = {
			isa = XCVersionGroup;
			children = (
				7D9526131B5E82C700A7E3A1 /* Oracle.xcdatamodel */,
			);
			currentVersion = 7D9526131B5E82C700A7E3A1 /* Oracle.xcdatamodel */;
			path = Oracle.xcdatamodeld;
			sourceTree = "<group>";
			versionGroupType = wrapper.xcdatamodel;
		};
/* End XCVersionGroup section */
	};
	rootObject = 7D9526001B5E82C700A7E3A1 /* Project object */;
}
