// !$*UTF8*$!
{
	archiveVersion = 1;
	classes = {
	};
	objectVersion = 52;
	objects = {

/* Begin PBXBuildFile section */
		7D5D21171E2797C500A04457 /* UIViewControllerExtension.m in Sources */ = {isa = PBXBuildFile; fileRef = 7D5D21161E2797C500A04457 /* UIViewControllerExtension.m */; };
		7D7F4A3620F5F717004CBACF /* Images.xcassets in Resources */ = {isa = PBXBuildFile; fileRef = 7D95261B1B5E82C800A7E3A1 /* Images.xcassets */; };
		7D85F0371F0D286400E50678 /* WelcomeScreenViewController.m in Sources */ = {isa = PBXBuildFile; fileRef = 7D85F0361F0D286400E50678 /* WelcomeScreenViewController.m */; };
		7D91D2511F0E6941006BD352 /* DecorationManager.m in Sources */ = {isa = PBXBuildFile; fileRef = 7D91D2501F0E6941006BD352 /* DecorationManager.m */; };
		7D9526111B5E82C700A7E3A1 /* AppDelegate.m in Sources */ = {isa = PBXBuildFile; fileRef = 7D9526101B5E82C700A7E3A1 /* AppDelegate.m */; };
		7D9526141B5E82C800A7E3A1 /* Oracle.xcdatamodeld in Sources */ = {isa = PBXBuildFile; fileRef = 7D9526121B5E82C700A7E3A1 /* Oracle.xcdatamodeld */; };
		7D99124E20ECBD97001855B0 /* BaseViewController.m in Sources */ = {isa = PBXBuildFile; fileRef = 7D99124D20ECBD97001855B0 /* BaseViewController.m */; };
		7D9A29FF1E3A0487005E94D0 /* QuestionViewController.m in Sources */ = {isa = PBXBuildFile; fileRef = 7D9A29FE1E3A0487005E94D0 /* QuestionViewController.m */; };
		7D9BC1A220EFB2E300643C54 /* UIPagesViewController.m in Sources */ = {isa = PBXBuildFile; fileRef = 7D9BC1A020EFB2E200643C54 /* UIPagesViewController.m */; };
		7D9DE030200E38EA009C9E08 /* AppearanceManager.m in Sources */ = {isa = PBXBuildFile; fileRef = 7D9DE02F200E38EA009C9E08 /* AppearanceManager.m */; };
		7DA4B04D1EB2164600BA6D50 /* RulesViewController.m in Sources */ = {isa = PBXBuildFile; fileRef = 7DA4B04C1EB2164600BA6D50 /* RulesViewController.m */; };
		7DA9A0781E4C496400B1D90C /* Keys.plist in Resources */ = {isa = PBXBuildFile; fileRef = 7DA9A0771E4C496400B1D90C /* Keys.plist */; };
		7DB4A1C41DF8594500A5E1A4 /* From1to99Manager.m in Sources */ = {isa = PBXBuildFile; fileRef = 7DB4A1C31DF8594500A5E1A4 /* From1to99Manager.m */; };
		7DB4A1C81DF8596A00A5E1A4 /* History.m in Sources */ = {isa = PBXBuildFile; fileRef = 7DB4A1C71DF8596A00A5E1A4 /* History.m */; };
		7DB4A1DB1DF8766100A5E1A4 /* NSFileManagerExtension.m in Sources */ = {isa = PBXBuildFile; fileRef = 7DB4A1D81DF8766100A5E1A4 /* NSFileManagerExtension.m */; };
		7DB4A1DC1DF8766100A5E1A4 /* NSStringExtension.m in Sources */ = {isa = PBXBuildFile; fileRef = 7DB4A1DA1DF8766100A5E1A4 /* NSStringExtension.m */; };
		7DB4A1DF1DF8769200A5E1A4 /* UIImageExtension.m in Sources */ = {isa = PBXBuildFile; fileRef = 7DB4A1DE1DF8769200A5E1A4 /* UIImageExtension.m */; };
		7DBCC0A91E390B5D0068C203 /* DetailsViewController.m in Sources */ = {isa = PBXBuildFile; fileRef = 7DBCC09E1E390B5D0068C203 /* DetailsViewController.m */; };
		7DBCC0AA1E390B5D0068C203 /* EnterNameViewController.m in Sources */ = {isa = PBXBuildFile; fileRef = 7DBCC0A01E390B5D0068C203 /* EnterNameViewController.m */; };
		7DBCC0AB1E390B5D0068C203 /* HistoryTableViewController.m in Sources */ = {isa = PBXBuildFile; fileRef = 7DBCC0A21E390B5D0068C203 /* HistoryTableViewController.m */; };
		7DBCC0AC1E390B5D0068C203 /* IconImageView.m in Sources */ = {isa = PBXBuildFile; fileRef = 7DBCC0A41E390B5D0068C203 /* IconImageView.m */; };
		7DBCC0AD1E390B5D0068C203 /* NumericPlayFieldViewController.m in Sources */ = {isa = PBXBuildFile; fileRef = 7DBCC0A61E390B5D0068C203 /* NumericPlayFieldViewController.m */; };
		7DBCC0AE1E390B5D0068C203 /* SaveResultViewController.m in Sources */ = {isa = PBXBuildFile; fileRef = 7DBCC0A81E390B5D0068C203 /* SaveResultViewController.m */; };
		7DBCC0B11E390B8C0068C203 /* ChooseGameViewController.m in Sources */ = {isa = PBXBuildFile; fileRef = 7DBCC0B01E390B8C0068C203 /* ChooseGameViewController.m */; };
		7DBCFF741DFEE70800E43961 /* LocalStorageManager.m in Sources */ = {isa = PBXBuildFile; fileRef = 7DBCFF731DFEE70800E43961 /* LocalStorageManager.m */; };
		88587F0429439AD300378339 /* GoogleService-Info.plist in Resources */ = {isa = PBXBuildFile; fileRef = 88587F0329439AD200378339 /* GoogleService-Info.plist */; };
		88587F0729439BC900378339 /* FirebaseAnalytics in Frameworks */ = {isa = PBXBuildFile; productRef = 88587F0629439BC900378339 /* FirebaseAnalytics */; };
		88587F0929439BC900378339 /* FirebaseAnalyticsSwift in Frameworks */ = {isa = PBXBuildFile; productRef = 88587F0829439BC900378339 /* FirebaseAnalyticsSwift */; };
		88587F0B29439BC900378339 /* FirebaseCrashlytics in Frameworks */ = {isa = PBXBuildFile; productRef = 88587F0A29439BC900378339 /* FirebaseCrashlytics */; };
		8870DC26292B8DB800D04DEF /* LaunchScreen.xib in Resources */ = {isa = PBXBuildFile; fileRef = 8870DC25292B8DB800D04DEF /* LaunchScreen.xib */; };
		8870DC27292B921300D04DEF /* Localizable.strings in Resources */ = {isa = PBXBuildFile; fileRef = 8870DC22292B8D9900D04DEF /* Localizable.strings */; };
		8870DC29292B937000D04DEF /* WelcomeScreenViewController.h in Sources */ = {isa = PBXBuildFile; fileRef = 7D85F0351F0D286400E50678 /* WelcomeScreenViewController.h */; };
		8870DC2D292B945700D04DEF /* main.m in Sources */ = {isa = PBXBuildFile; fileRef = 8870DC2C292B945700D04DEF /* main.m */; };
		8870DC33292B9A6B00D04DEF /* PFHellenicaSerifPro-Bold.ttf in Resources */ = {isa = PBXBuildFile; fileRef = 8870DC31292B9A4D00D04DEF /* PFHellenicaSerifPro-Bold.ttf */; };
		8870DC34292B9A6D00D04DEF /* PFHellenicaSerifPro-Light.ttf in Resources */ = {isa = PBXBuildFile; fileRef = 8870DC32292B9A4E00D04DEF /* PFHellenicaSerifPro-Light.ttf */; };
		8870DC37292BC40400D04DEF /* Test.swift in Sources */ = {isa = PBXBuildFile; fileRef = 8870DC36292BC40400D04DEF /* Test.swift */; };
/* End PBXBuildFile section */

/* Begin PBXFileReference section */
		7D5D21151E2797C500A04457 /* UIViewControllerExtension.h */ = {isa = PBXFileReference; fileEncoding = 4; lastKnownFileType = sourcecode.c.h; path = UIViewControllerExtension.h; sourceTree = "<group>"; };
		7D5D21161E2797C500A04457 /* UIViewControllerExtension.m */ = {isa = PBXFileReference; fileEncoding = 4; lastKnownFileType = sourcecode.c.objc; path = UIViewControllerExtension.m; sourceTree = "<group>"; };
		7D85F0351F0D286400E50678 /* WelcomeScreenViewController.h */ = {isa = PBXFileReference; fileEncoding = 4; lastKnownFileType = sourcecode.c.h; path = WelcomeScreenViewController.h; sourceTree = "<group>"; };
		7D85F0361F0D286400E50678 /* WelcomeScreenViewController.m */ = {isa = PBXFileReference; fileEncoding = 4; lastKnownFileType = sourcecode.c.objc; path = WelcomeScreenViewController.m; sourceTree = "<group>"; };
		7D91D24F1F0E6941006BD352 /* DecorationManager.h */ = {isa = PBXFileReference; fileEncoding = 4; lastKnownFileType = sourcecode.c.h; path = DecorationManager.h; sourceTree = "<group>"; };
		7D91D2501F0E6941006BD352 /* DecorationManager.m */ = {isa = PBXFileReference; fileEncoding = 4; lastKnownFileType = sourcecode.c.objc; path = DecorationManager.m; sourceTree = "<group>"; };
		7D9526081B5E82C700A7E3A1 /* Oracle.app */ = {isa = PBXFileReference; explicitFileType = wrapper.application; includeInIndex = 0; path = Oracle.app; sourceTree = BUILT_PRODUCTS_DIR; };
		7D95260F1B5E82C700A7E3A1 /* AppDelegate.h */ = {isa = PBXFileReference; lastKnownFileType = sourcecode.c.h; path = AppDelegate.h; sourceTree = "<group>"; };
		7D9526101B5E82C700A7E3A1 /* AppDelegate.m */ = {isa = PBXFileReference; lastKnownFileType = sourcecode.c.objc; path = AppDelegate.m; sourceTree = "<group>"; };
		7D9526131B5E82C700A7E3A1 /* Oracle.xcdatamodel */ = {isa = PBXFileReference; lastKnownFileType = wrapper.xcdatamodel; path = Oracle.xcdatamodel; sourceTree = "<group>"; };
		7D95261B1B5E82C800A7E3A1 /* Images.xcassets */ = {isa = PBXFileReference; lastKnownFileType = folder.assetcatalog; path = Images.xcassets; sourceTree = "<group>"; };
		7D99124C20ECBD97001855B0 /* BaseViewController.h */ = {isa = PBXFileReference; lastKnownFileType = sourcecode.c.h; path = BaseViewController.h; sourceTree = "<group>"; };
		7D99124D20ECBD97001855B0 /* BaseViewController.m */ = {isa = PBXFileReference; lastKnownFileType = sourcecode.c.objc; path = BaseViewController.m; sourceTree = "<group>"; };
		7D9A29FD1E3A0487005E94D0 /* QuestionViewController.h */ = {isa = PBXFileReference; fileEncoding = 4; lastKnownFileType = sourcecode.c.h; path = QuestionViewController.h; sourceTree = "<group>"; };
		7D9A29FE1E3A0487005E94D0 /* QuestionViewController.m */ = {isa = PBXFileReference; fileEncoding = 4; lastKnownFileType = sourcecode.c.objc; path = QuestionViewController.m; sourceTree = "<group>"; };
		7D9BC1A020EFB2E200643C54 /* UIPagesViewController.m */ = {isa = PBXFileReference; fileEncoding = 4; lastKnownFileType = sourcecode.c.objc; path = UIPagesViewController.m; sourceTree = "<group>"; };
		7D9BC1A120EFB2E300643C54 /* UIPagesViewController.h */ = {isa = PBXFileReference; fileEncoding = 4; lastKnownFileType = sourcecode.c.h; path = UIPagesViewController.h; sourceTree = "<group>"; };
		7D9DE02E200E38E9009C9E08 /* AppearanceManager.h */ = {isa = PBXFileReference; fileEncoding = 4; lastKnownFileType = sourcecode.c.h; path = AppearanceManager.h; sourceTree = "<group>"; };
		7D9DE02F200E38EA009C9E08 /* AppearanceManager.m */ = {isa = PBXFileReference; fileEncoding = 4; lastKnownFileType = sourcecode.c.objc; path = AppearanceManager.m; sourceTree = "<group>"; };
		7DA4B04B1EB2164600BA6D50 /* RulesViewController.h */ = {isa = PBXFileReference; fileEncoding = 4; lastKnownFileType = sourcecode.c.h; path = RulesViewController.h; sourceTree = "<group>"; };
		7DA4B04C1EB2164600BA6D50 /* RulesViewController.m */ = {isa = PBXFileReference; fileEncoding = 4; lastKnownFileType = sourcecode.c.objc; path = RulesViewController.m; sourceTree = "<group>"; };
		7DA9A0771E4C496400B1D90C /* Keys.plist */ = {isa = PBXFileReference; fileEncoding = 4; lastKnownFileType = text.plist.xml; path = Keys.plist; sourceTree = "<group>"; };
		7DB4A1C21DF8594500A5E1A4 /* From1to99Manager.h */ = {isa = PBXFileReference; fileEncoding = 4; lastKnownFileType = sourcecode.c.h; path = From1to99Manager.h; sourceTree = "<group>"; };
		7DB4A1C31DF8594500A5E1A4 /* From1to99Manager.m */ = {isa = PBXFileReference; fileEncoding = 4; lastKnownFileType = sourcecode.c.objc; path = From1to99Manager.m; sourceTree = "<group>"; };
		7DB4A1C61DF8596A00A5E1A4 /* History.h */ = {isa = PBXFileReference; fileEncoding = 4; lastKnownFileType = sourcecode.c.h; path = History.h; sourceTree = "<group>"; };
		7DB4A1C71DF8596A00A5E1A4 /* History.m */ = {isa = PBXFileReference; fileEncoding = 4; lastKnownFileType = sourcecode.c.objc; path = History.m; sourceTree = "<group>"; };
		7DB4A1D71DF8766100A5E1A4 /* NSFileManagerExtension.h */ = {isa = PBXFileReference; fileEncoding = 4; lastKnownFileType = sourcecode.c.h; path = NSFileManagerExtension.h; sourceTree = "<group>"; };
		7DB4A1D81DF8766100A5E1A4 /* NSFileManagerExtension.m */ = {isa = PBXFileReference; fileEncoding = 4; lastKnownFileType = sourcecode.c.objc; path = NSFileManagerExtension.m; sourceTree = "<group>"; };
		7DB4A1D91DF8766100A5E1A4 /* NSStringExtension.h */ = {isa = PBXFileReference; fileEncoding = 4; lastKnownFileType = sourcecode.c.h; path = NSStringExtension.h; sourceTree = "<group>"; };
		7DB4A1DA1DF8766100A5E1A4 /* NSStringExtension.m */ = {isa = PBXFileReference; fileEncoding = 4; lastKnownFileType = sourcecode.c.objc; path = NSStringExtension.m; sourceTree = "<group>"; };
		7DB4A1DD1DF8769200A5E1A4 /* UIImageExtension.h */ = {isa = PBXFileReference; fileEncoding = 4; lastKnownFileType = sourcecode.c.h; path = UIImageExtension.h; sourceTree = "<group>"; };
		7DB4A1DE1DF8769200A5E1A4 /* UIImageExtension.m */ = {isa = PBXFileReference; fileEncoding = 4; lastKnownFileType = sourcecode.c.objc; path = UIImageExtension.m; sourceTree = "<group>"; };
		7DBCC09D1E390B5D0068C203 /* DetailsViewController.h */ = {isa = PBXFileReference; fileEncoding = 4; lastKnownFileType = sourcecode.c.h; path = DetailsViewController.h; sourceTree = "<group>"; };
		7DBCC09E1E390B5D0068C203 /* DetailsViewController.m */ = {isa = PBXFileReference; fileEncoding = 4; lastKnownFileType = sourcecode.c.objc; path = DetailsViewController.m; sourceTree = "<group>"; };
		7DBCC09F1E390B5D0068C203 /* EnterNameViewController.h */ = {isa = PBXFileReference; fileEncoding = 4; lastKnownFileType = sourcecode.c.h; path = EnterNameViewController.h; sourceTree = "<group>"; };
		7DBCC0A01E390B5D0068C203 /* EnterNameViewController.m */ = {isa = PBXFileReference; fileEncoding = 4; lastKnownFileType = sourcecode.c.objc; path = EnterNameViewController.m; sourceTree = "<group>"; };
		7DBCC0A11E390B5D0068C203 /* HistoryTableViewController.h */ = {isa = PBXFileReference; fileEncoding = 4; lastKnownFileType = sourcecode.c.h; path = HistoryTableViewController.h; sourceTree = "<group>"; };
		7DBCC0A21E390B5D0068C203 /* HistoryTableViewController.m */ = {isa = PBXFileReference; fileEncoding = 4; lastKnownFileType = sourcecode.c.objc; path = HistoryTableViewController.m; sourceTree = "<group>"; };
		7DBCC0A31E390B5D0068C203 /* IconImageView.h */ = {isa = PBXFileReference; fileEncoding = 4; lastKnownFileType = sourcecode.c.h; path = IconImageView.h; sourceTree = "<group>"; };
		7DBCC0A41E390B5D0068C203 /* IconImageView.m */ = {isa = PBXFileReference; fileEncoding = 4; lastKnownFileType = sourcecode.c.objc; path = IconImageView.m; sourceTree = "<group>"; };
		7DBCC0A51E390B5D0068C203 /* NumericPlayFieldViewController.h */ = {isa = PBXFileReference; fileEncoding = 4; lastKnownFileType = sourcecode.c.h; path = NumericPlayFieldViewController.h; sourceTree = "<group>"; };
		7DBCC0A61E390B5D0068C203 /* NumericPlayFieldViewController.m */ = {isa = PBXFileReference; fileEncoding = 4; lastKnownFileType = sourcecode.c.objc; path = NumericPlayFieldViewController.m; sourceTree = "<group>"; };
		7DBCC0A71E390B5D0068C203 /* SaveResultViewController.h */ = {isa = PBXFileReference; fileEncoding = 4; lastKnownFileType = sourcecode.c.h; path = SaveResultViewController.h; sourceTree = "<group>"; };
		7DBCC0A81E390B5D0068C203 /* SaveResultViewController.m */ = {isa = PBXFileReference; fileEncoding = 4; lastKnownFileType = sourcecode.c.objc; path = SaveResultViewController.m; sourceTree = "<group>"; };
		7DBCC0AF1E390B8C0068C203 /* ChooseGameViewController.h */ = {isa = PBXFileReference; fileEncoding = 4; lastKnownFileType = sourcecode.c.h; path = ChooseGameViewController.h; sourceTree = "<group>"; };
		7DBCC0B01E390B8C0068C203 /* ChooseGameViewController.m */ = {isa = PBXFileReference; fileEncoding = 4; lastKnownFileType = sourcecode.c.objc; path = ChooseGameViewController.m; sourceTree = "<group>"; };
		7DBCFF721DFEE70700E43961 /* LocalStorageManager.h */ = {isa = PBXFileReference; fileEncoding = 4; lastKnownFileType = sourcecode.c.h; path = LocalStorageManager.h; sourceTree = "<group>"; };
		7DBCFF731DFEE70800E43961 /* LocalStorageManager.m */ = {isa = PBXFileReference; fileEncoding = 4; lastKnownFileType = sourcecode.c.objc; path = LocalStorageManager.m; sourceTree = "<group>"; };
		88587F0329439AD200378339 /* GoogleService-Info.plist */ = {isa = PBXFileReference; fileEncoding = 4; lastKnownFileType = text.plist.xml; path = "GoogleService-Info.plist"; sourceTree = "<group>"; };
		8870DC21292B8D9900D04DEF /* en */ = {isa = PBXFileReference; lastKnownFileType = text.plist.strings; name = en; path = en.lproj/Localizable.strings; sourceTree = "<group>"; };
		8870DC23292B8D9D00D04DEF /* ru */ = {isa = PBXFileReference; lastKnownFileType = text.plist.strings; name = ru; path = ru.lproj/Localizable.strings; sourceTree = "<group>"; };
		8870DC24292B8DA000D04DEF /* uk */ = {isa = PBXFileReference; lastKnownFileType = text.plist.strings; name = uk; path = uk.lproj/Localizable.strings; sourceTree = "<group>"; };
		8870DC25292B8DB800D04DEF /* LaunchScreen.xib */ = {isa = PBXFileReference; fileEncoding = 4; lastKnownFileType = file.xib; path = LaunchScreen.xib; sourceTree = "<group>"; };
		8870DC2C292B945700D04DEF /* main.m */ = {isa = PBXFileReference; fileEncoding = 4; lastKnownFileType = sourcecode.c.objc; path = main.m; sourceTree = "<group>"; };
		8870DC2E292B955300D04DEF /* Info.plist */ = {isa = PBXFileReference; fileEncoding = 4; lastKnownFileType = text.plist.xml; path = Info.plist; sourceTree = "<group>"; };
		8870DC31292B9A4D00D04DEF /* PFHellenicaSerifPro-Bold.ttf */ = {isa = PBXFileReference; lastKnownFileType = file; path = "PFHellenicaSerifPro-Bold.ttf"; sourceTree = "<group>"; };
		8870DC32292B9A4E00D04DEF /* PFHellenicaSerifPro-Light.ttf */ = {isa = PBXFileReference; lastKnownFileType = file; path = "PFHellenicaSerifPro-Light.ttf"; sourceTree = "<group>"; };
		8870DC35292BC40300D04DEF /* Oracle-Bridging-Header.h */ = {isa = PBXFileReference; lastKnownFileType = sourcecode.c.h; path = "Oracle-Bridging-Header.h"; sourceTree = "<group>"; };
		8870DC36292BC40400D04DEF /* Test.swift */ = {isa = PBXFileReference; lastKnownFileType = sourcecode.swift; path = Test.swift; sourceTree = "<group>"; };
/* End PBXFileReference section */

/* Begin PBXFrameworksBuildPhase section */
		7D9526051B5E82C700A7E3A1 /* Frameworks */ = {
			isa = PBXFrameworksBuildPhase;
			buildActionMask = 2147483647;
			files = (
				88587F0B29439BC900378339 /* FirebaseCrashlytics in Frameworks */,
				88587F0929439BC900378339 /* FirebaseAnalyticsSwift in Frameworks */,
				88587F0729439BC900378339 /* FirebaseAnalytics in Frameworks */,
			);
			runOnlyForDeploymentPostprocessing = 0;
		};
/* End PBXFrameworksBuildPhase section */

/* Begin PBXGroup section */
		7D9525FF1B5E82C700A7E3A1 = {
			isa = PBXGroup;
			children = (
				7D95260A1B5E82C700A7E3A1 /* Oracle */,
				7D9526091B5E82C700A7E3A1 /* Products */,
			);
			sourceTree = "<group>";
		};
		7D9526091B5E82C700A7E3A1 /* Products */ = {
			isa = PBXGroup;
			children = (
				7D9526081B5E82C700A7E3A1 /* Oracle.app */,
			);
			name = Products;
			sourceTree = "<group>";
		};
		7D95260A1B5E82C700A7E3A1 /* Oracle */ = {
			isa = PBXGroup;
			children = (
				8870DC31292B9A4D00D04DEF /* PFHellenicaSerifPro-Bold.ttf */,
				8870DC32292B9A4E00D04DEF /* PFHellenicaSerifPro-Light.ttf */,
				8870DC2E292B955300D04DEF /* Info.plist */,
				88587F0329439AD200378339 /* GoogleService-Info.plist */,
				8870DC2C292B945700D04DEF /* main.m */,
				7D95260F1B5E82C700A7E3A1 /* AppDelegate.h */,
				7D9526101B5E82C700A7E3A1 /* AppDelegate.m */,
				7DB4A1C91DF8599D00A5E1A4 /* InterfaceLayer */,
				7DB4A1C51DF8596A00A5E1A4 /* DataLayer */,
				7DB4A1C11DF8594500A5E1A4 /* Managers */,
				7DB4A1D61DF8766100A5E1A4 /* Extensions */,
				7D95261B1B5E82C800A7E3A1 /* Images.xcassets */,
				8870DC25292B8DB800D04DEF /* LaunchScreen.xib */,
				7D9526121B5E82C700A7E3A1 /* Oracle.xcdatamodeld */,
				8870DC22292B8D9900D04DEF /* Localizable.strings */,
				8870DC36292BC40400D04DEF /* Test.swift */,
				8870DC35292BC40300D04DEF /* Oracle-Bridging-Header.h */,
			);
			path = Oracle;
			sourceTree = "<group>";
		};
		7D9A29FC1E39F6A5005E94D0 /* TestGame */ = {
			isa = PBXGroup;
			children = (
				7D9A29FD1E3A0487005E94D0 /* QuestionViewController.h */,
				7D9A29FE1E3A0487005E94D0 /* QuestionViewController.m */,
				7DA9A0771E4C496400B1D90C /* Keys.plist */,
			);
			path = TestGame;
			sourceTree = "<group>";
		};
		7DB4A1C11DF8594500A5E1A4 /* Managers */ = {
			isa = PBXGroup;
			children = (
				7D9DE02E200E38E9009C9E08 /* AppearanceManager.h */,
				7D9DE02F200E38EA009C9E08 /* AppearanceManager.m */,
				7DB4A1C21DF8594500A5E1A4 /* From1to99Manager.h */,
				7DB4A1C31DF8594500A5E1A4 /* From1to99Manager.m */,
				7DBCFF721DFEE70700E43961 /* LocalStorageManager.h */,
				7DBCFF731DFEE70800E43961 /* LocalStorageManager.m */,
				7D91D24F1F0E6941006BD352 /* DecorationManager.h */,
				7D91D2501F0E6941006BD352 /* DecorationManager.m */,
			);
			path = Managers;
			sourceTree = "<group>";
		};
		7DB4A1C51DF8596A00A5E1A4 /* DataLayer */ = {
			isa = PBXGroup;
			children = (
				7DB4A1C61DF8596A00A5E1A4 /* History.h */,
				7DB4A1C71DF8596A00A5E1A4 /* History.m */,
			);
			path = DataLayer;
			sourceTree = "<group>";
		};
		7DB4A1C91DF8599D00A5E1A4 /* InterfaceLayer */ = {
			isa = PBXGroup;
			children = (
				7D99124C20ECBD97001855B0 /* BaseViewController.h */,
				7D99124D20ECBD97001855B0 /* BaseViewController.m */,
				7D85F0351F0D286400E50678 /* WelcomeScreenViewController.h */,
				7D85F0361F0D286400E50678 /* WelcomeScreenViewController.m */,
				7DBCC0AF1E390B8C0068C203 /* ChooseGameViewController.h */,
				7DBCC0B01E390B8C0068C203 /* ChooseGameViewController.m */,
				7DBCC09C1E390B3A0068C203 /* NumberGame */,
				7D9A29FC1E39F6A5005E94D0 /* TestGame */,
			);
			path = InterfaceLayer;
			sourceTree = "<group>";
		};
		7DB4A1D61DF8766100A5E1A4 /* Extensions */ = {
			isa = PBXGroup;
			children = (
				7DB4A1D71DF8766100A5E1A4 /* NSFileManagerExtension.h */,
				7DB4A1D81DF8766100A5E1A4 /* NSFileManagerExtension.m */,
				7DB4A1D91DF8766100A5E1A4 /* NSStringExtension.h */,
				7DB4A1DA1DF8766100A5E1A4 /* NSStringExtension.m */,
				7DB4A1DD1DF8769200A5E1A4 /* UIImageExtension.h */,
				7DB4A1DE1DF8769200A5E1A4 /* UIImageExtension.m */,
				7D5D21151E2797C500A04457 /* UIViewControllerExtension.h */,
				7D5D21161E2797C500A04457 /* UIViewControllerExtension.m */,
			);
			path = Extensions;
			sourceTree = "<group>";
		};
		7DBCC09C1E390B3A0068C203 /* NumberGame */ = {
			isa = PBXGroup;
			children = (
				7DA4B04B1EB2164600BA6D50 /* RulesViewController.h */,
				7DA4B04C1EB2164600BA6D50 /* RulesViewController.m */,
				7D9BC1A120EFB2E300643C54 /* UIPagesViewController.h */,
				7D9BC1A020EFB2E200643C54 /* UIPagesViewController.m */,
				7DBCC09F1E390B5D0068C203 /* EnterNameViewController.h */,
				7DBCC0A01E390B5D0068C203 /* EnterNameViewController.m */,
				7DBCC0A51E390B5D0068C203 /* NumericPlayFieldViewController.h */,
				7DBCC0A61E390B5D0068C203 /* NumericPlayFieldViewController.m */,
				7DBCC0A71E390B5D0068C203 /* SaveResultViewController.h */,
				7DBCC0A81E390B5D0068C203 /* SaveResultViewController.m */,
				7DBCC0A11E390B5D0068C203 /* HistoryTableViewController.h */,
				7DBCC0A21E390B5D0068C203 /* HistoryTableViewController.m */,
				7DBCC09D1E390B5D0068C203 /* DetailsViewController.h */,
				7DBCC09E1E390B5D0068C203 /* DetailsViewController.m */,
				7DBCC0A31E390B5D0068C203 /* IconImageView.h */,
				7DBCC0A41E390B5D0068C203 /* IconImageView.m */,
			);
			path = NumberGame;
			sourceTree = "<group>";
		};
/* End PBXGroup section */

/* Begin PBXNativeTarget section */
		7D9526071B5E82C700A7E3A1 /* Oracle */ = {
			isa = PBXNativeTarget;
			buildConfigurationList = 7D95262E1B5E82C800A7E3A1 /* Build configuration list for PBXNativeTarget "Oracle" */;
			buildPhases = (
				7D9526041B5E82C700A7E3A1 /* Sources */,
				7D9526051B5E82C700A7E3A1 /* Frameworks */,
				7D9526061B5E82C700A7E3A1 /* Resources */,
				88587F0C2943B51300378339 /* ShellScript */,
			);
			buildRules = (
			);
			dependencies = (
			);
			name = Oracle;
			packageProductDependencies = (
				88587F0629439BC900378339 /* FirebaseAnalytics */,
				88587F0829439BC900378339 /* FirebaseAnalyticsSwift */,
				88587F0A29439BC900378339 /* FirebaseCrashlytics */,
			);
			productName = Oracle;
			productReference = 7D9526081B5E82C700A7E3A1 /* Oracle.app */;
			productType = "com.apple.product-type.application";
		};
/* End PBXNativeTarget section */

/* Begin PBXProject section */
		7D9526001B5E82C700A7E3A1 /* Project object */ = {
			isa = PBXProject;
			attributes = {
				LastUpgradeCheck = 1410;
				ORGANIZATIONNAME = AnnKotova;
				TargetAttributes = {
					7D9526071B5E82C700A7E3A1 = {
						CreatedOnToolsVersion = 6.3;
						DevelopmentTeam = B6ALR84LG4;
						LastSwiftMigration = 1410;
					};
				};
			};
			buildConfigurationList = 7D9526031B5E82C700A7E3A1 /* Build configuration list for PBXProject "Oracle" */;
			compatibilityVersion = "Xcode 3.2";
			developmentRegion = en;
			hasScannedForEncodings = 0;
			knownRegions = (
				en,
				Base,
				uk,
				ru,
			);
			mainGroup = 7D9525FF1B5E82C700A7E3A1;
			packageReferences = (
				88587F0529439BC900378339 /* XCRemoteSwiftPackageReference "firebase-ios-sdk" */,
			);
			productRefGroup = 7D9526091B5E82C700A7E3A1 /* Products */;
			projectDirPath = "";
			projectRoot = "";
			targets = (
				7D9526071B5E82C700A7E3A1 /* Oracle */,
			);
		};
/* End PBXProject section */

/* Begin PBXResourcesBuildPhase section */
		7D9526061B5E82C700A7E3A1 /* Resources */ = {
			isa = PBXResourcesBuildPhase;
			buildActionMask = 2147483647;
			files = (
				8870DC27292B921300D04DEF /* Localizable.strings in Resources */,
				7DA9A0781E4C496400B1D90C /* Keys.plist in Resources */,
				7D7F4A3620F5F717004CBACF /* Images.xcassets in Resources */,
				8870DC26292B8DB800D04DEF /* LaunchScreen.xib in Resources */,
				8870DC33292B9A6B00D04DEF /* PFHellenicaSerifPro-Bold.ttf in Resources */,
				8870DC34292B9A6D00D04DEF /* PFHellenicaSerifPro-Light.ttf in Resources */,
				88587F0429439AD300378339 /* GoogleService-Info.plist in Resources */,
			);
			runOnlyForDeploymentPostprocessing = 0;
		};
/* End PBXResourcesBuildPhase section */

/* Begin PBXShellScriptBuildPhase section */
		88587F0C2943B51300378339 /* ShellScript */ = {
			isa = PBXShellScriptBuildPhase;
			buildActionMask = 2147483647;
			files = (
			);
			inputFileListPaths = (
			);
			inputPaths = (
				"${DWARF_DSYM_FOLDER_PATH}/${DWARF_DSYM_FILE_NAME}/Contents/Resources/DWARF/${TARGET_NAME}",
				"$(SRCROOT)/$(BUILT_PRODUCTS_DIR)/$(INFOPLIST_PATH)",
			);
			outputFileListPaths = (
			);
			outputPaths = (
			);
			runOnlyForDeploymentPostprocessing = 0;
			shellPath = /bin/sh;
			shellScript = "\"${BUILD_DIR%/Build/*}/SourcePackages/checkouts/firebase-ios-sdk/Crashlytics/run\"\n";
		};
/* End PBXShellScriptBuildPhase section */

/* Begin PBXSourcesBuildPhase section */
		7D9526041B5E82C700A7E3A1 /* Sources */ = {
			isa = PBXSourcesBuildPhase;
			buildActionMask = 2147483647;
			files = (
				8870DC2D292B945700D04DEF /* main.m in Sources */,
				8870DC29292B937000D04DEF /* WelcomeScreenViewController.h in Sources */,
				7D5D21171E2797C500A04457 /* UIViewControllerExtension.m in Sources */,
				7D9DE030200E38EA009C9E08 /* AppearanceManager.m in Sources */,
				7D9A29FF1E3A0487005E94D0 /* QuestionViewController.m in Sources */,
				7DBCC0AE1E390B5D0068C203 /* SaveResultViewController.m in Sources */,
				7DBCC0AD1E390B5D0068C203 /* NumericPlayFieldViewController.m in Sources */,
				7DBCC0AB1E390B5D0068C203 /* HistoryTableViewController.m in Sources */,
				7DB4A1DB1DF8766100A5E1A4 /* NSFileManagerExtension.m in Sources */,
				7D9BC1A220EFB2E300643C54 /* UIPagesViewController.m in Sources */,
				7D85F0371F0D286400E50678 /* WelcomeScreenViewController.m in Sources */,
				7DBCFF741DFEE70800E43961 /* LocalStorageManager.m in Sources */,
				7D9526141B5E82C800A7E3A1 /* Oracle.xcdatamodeld in Sources */,
				7D9526111B5E82C700A7E3A1 /* AppDelegate.m in Sources */,
				7DB4A1C41DF8594500A5E1A4 /* From1to99Manager.m in Sources */,
				7DA4B04D1EB2164600BA6D50 /* RulesViewController.m in Sources */,
				7DBCC0B11E390B8C0068C203 /* ChooseGameViewController.m in Sources */,
				7DB4A1C81DF8596A00A5E1A4 /* History.m in Sources */,
				7DBCC0AC1E390B5D0068C203 /* IconImageView.m in Sources */,
				8870DC37292BC40400D04DEF /* Test.swift in Sources */,
				7DBCC0A91E390B5D0068C203 /* DetailsViewController.m in Sources */,
				7DB4A1DF1DF8769200A5E1A4 /* UIImageExtension.m in Sources */,
				7DBCC0AA1E390B5D0068C203 /* EnterNameViewController.m in Sources */,
				7DB4A1DC1DF8766100A5E1A4 /* NSStringExtension.m in Sources */,
				7D91D2511F0E6941006BD352 /* DecorationManager.m in Sources */,
				7D99124E20ECBD97001855B0 /* BaseViewController.m in Sources */,
			);
			runOnlyForDeploymentPostprocessing = 0;
		};
/* End PBXSourcesBuildPhase section */

/* Begin PBXVariantGroup section */
		8870DC22292B8D9900D04DEF /* Localizable.strings */ = {
			isa = PBXVariantGroup;
			children = (
				8870DC21292B8D9900D04DEF /* en */,
				8870DC23292B8D9D00D04DEF /* ru */,
				8870DC24292B8DA000D04DEF /* uk */,
			);
			name = Localizable.strings;
			sourceTree = "<group>";
		};
/* End PBXVariantGroup section */

/* Begin XCBuildConfiguration section */
		7D95262C1B5E82C800A7E3A1 /* Debug */ = {
			isa = XCBuildConfiguration;
			buildSettings = {
				ALWAYS_SEARCH_USER_PATHS = NO;
				CLANG_ANALYZER_LOCALIZABILITY_NONLOCALIZED = YES;
				CLANG_CXX_LANGUAGE_STANDARD = "gnu++0x";
				CLANG_CXX_LIBRARY = "libc++";
				CLANG_ENABLE_MODULES = YES;
				CLANG_ENABLE_OBJC_ARC = YES;
				CLANG_WARN_BLOCK_CAPTURE_AUTORELEASING = YES;
				CLANG_WARN_BOOL_CONVERSION = YES;
				CLANG_WARN_COMMA = YES;
				CLANG_WARN_CONSTANT_CONVERSION = YES;
				CLANG_WARN_DEPRECATED_OBJC_IMPLEMENTATIONS = YES;
				CLANG_WARN_DIRECT_OBJC_ISA_USAGE = YES_ERROR;
				CLANG_WARN_EMPTY_BODY = YES;
				CLANG_WARN_ENUM_CONVERSION = YES;
				CLANG_WARN_INFINITE_RECURSION = YES;
				CLANG_WARN_INT_CONVERSION = YES;
				CLANG_WARN_NON_LITERAL_NULL_CONVERSION = YES;
				CLANG_WARN_OBJC_IMPLICIT_RETAIN_SELF = YES;
				CLANG_WARN_OBJC_LITERAL_CONVERSION = YES;
				CLANG_WARN_OBJC_ROOT_CLASS = YES_ERROR;
				CLANG_WARN_QUOTED_INCLUDE_IN_FRAMEWORK_HEADER = YES;
				CLANG_WARN_RANGE_LOOP_ANALYSIS = YES;
				CLANG_WARN_STRICT_PROTOTYPES = YES;
				CLANG_WARN_SUSPICIOUS_MOVE = YES;
				CLANG_WARN_UNREACHABLE_CODE = YES;
				CLANG_WARN__DUPLICATE_METHOD_MATCH = YES;
				"CODE_SIGN_IDENTITY[sdk=iphoneos*]" = "iPhone Developer";
				COPY_PHASE_STRIP = NO;
				DEBUG_INFORMATION_FORMAT = "dwarf-with-dsym";
				DEFINES_MODULE = YES;
				ENABLE_STRICT_OBJC_MSGSEND = YES;
				ENABLE_TESTABILITY = YES;
				GCC_C_LANGUAGE_STANDARD = gnu99;
				GCC_DYNAMIC_NO_PIC = NO;
				GCC_NO_COMMON_BLOCKS = YES;
				GCC_OPTIMIZATION_LEVEL = 0;
				GCC_PREPROCESSOR_DEFINITIONS = (
					"DEBUG=1",
					"$(inherited)",
				);
				GCC_SYMBOLS_PRIVATE_EXTERN = NO;
				GCC_WARN_64_TO_32_BIT_CONVERSION = YES;
				GCC_WARN_ABOUT_RETURN_TYPE = YES_ERROR;
				GCC_WARN_UNDECLARED_SELECTOR = YES;
				GCC_WARN_UNINITIALIZED_AUTOS = YES_AGGRESSIVE;
				GCC_WARN_UNUSED_FUNCTION = YES;
				GCC_WARN_UNUSED_VARIABLE = YES;
				IPHONEOS_DEPLOYMENT_TARGET = 12.0;
				MTL_ENABLE_DEBUG_INFO = YES;
				ONLY_ACTIVE_ARCH = YES;
				SDKROOT = iphoneos;
				TARGETED_DEVICE_FAMILY = "1,2";
			};
			name = Debug;
		};
		7D95262D1B5E82C800A7E3A1 /* Release */ = {
			isa = XCBuildConfiguration;
			buildSettings = {
				ALWAYS_SEARCH_USER_PATHS = NO;
				CLANG_ANALYZER_LOCALIZABILITY_NONLOCALIZED = YES;
				CLANG_CXX_LANGUAGE_STANDARD = "gnu++0x";
				CLANG_CXX_LIBRARY = "libc++";
				CLANG_ENABLE_MODULES = YES;
				CLANG_ENABLE_OBJC_ARC = YES;
				CLANG_WARN_BLOCK_CAPTURE_AUTORELEASING = YES;
				CLANG_WARN_BOOL_CONVERSION = YES;
				CLANG_WARN_COMMA = YES;
				CLANG_WARN_CONSTANT_CONVERSION = YES;
				CLANG_WARN_DEPRECATED_OBJC_IMPLEMENTATIONS = YES;
				CLANG_WARN_DIRECT_OBJC_ISA_USAGE = YES_ERROR;
				CLANG_WARN_EMPTY_BODY = YES;
				CLANG_WARN_ENUM_CONVERSION = YES;
				CLANG_WARN_INFINITE_RECURSION = YES;
				CLANG_WARN_INT_CONVERSION = YES;
				CLANG_WARN_NON_LITERAL_NULL_CONVERSION = YES;
				CLANG_WARN_OBJC_IMPLICIT_RETAIN_SELF = YES;
				CLANG_WARN_OBJC_LITERAL_CONVERSION = YES;
				CLANG_WARN_OBJC_ROOT_CLASS = YES_ERROR;
				CLANG_WARN_QUOTED_INCLUDE_IN_FRAMEWORK_HEADER = YES;
				CLANG_WARN_RANGE_LOOP_ANALYSIS = YES;
				CLANG_WARN_STRICT_PROTOTYPES = YES;
				CLANG_WARN_SUSPICIOUS_MOVE = YES;
				CLANG_WARN_UNREACHABLE_CODE = YES;
				CLANG_WARN__DUPLICATE_METHOD_MATCH = YES;
				"CODE_SIGN_IDENTITY[sdk=iphoneos*]" = "iPhone Developer";
				COPY_PHASE_STRIP = NO;
				DEBUG_INFORMATION_FORMAT = "dwarf-with-dsym";
				DEFINES_MODULE = YES;
				ENABLE_NS_ASSERTIONS = NO;
				ENABLE_STRICT_OBJC_MSGSEND = YES;
				GCC_C_LANGUAGE_STANDARD = gnu99;
				GCC_NO_COMMON_BLOCKS = YES;
				GCC_WARN_64_TO_32_BIT_CONVERSION = YES;
				GCC_WARN_ABOUT_RETURN_TYPE = YES_ERROR;
				GCC_WARN_UNDECLARED_SELECTOR = YES;
				GCC_WARN_UNINITIALIZED_AUTOS = YES_AGGRESSIVE;
				GCC_WARN_UNUSED_FUNCTION = YES;
				GCC_WARN_UNUSED_VARIABLE = YES;
				IPHONEOS_DEPLOYMENT_TARGET = 12.0;
				MTL_ENABLE_DEBUG_INFO = NO;
				SDKROOT = iphoneos;
				TARGETED_DEVICE_FAMILY = "1,2";
				VALIDATE_PRODUCT = YES;
			};
			name = Release;
		};
		7D95262F1B5E82C800A7E3A1 /* Debug */ = {
			isa = XCBuildConfiguration;
			buildSettings = {
				ASSETCATALOG_COMPILER_APPICON_NAME = AppIcon;
				ASSETCATALOG_COMPILER_INCLUDE_ALL_APPICON_ASSETS = NO;
				CLANG_ENABLE_MODULES = YES;
				CURRENT_PROJECT_VERSION = 1.0.2;
				DEFINES_MODULE = YES;
				DEVELOPMENT_TEAM = B6ALR84LG4;
				INFOPLIST_FILE = Oracle/Info.plist;
				INFOPLIST_KEY_CFBundleDisplayName = Oracle;
				INFOPLIST_KEY_LSApplicationCategoryType = "public.app-category.lifestyle";
				IPHONEOS_DEPLOYMENT_TARGET = 12.0;
				LD_RUNPATH_SEARCH_PATHS = (
					"$(inherited)",
					"@executable_path/Frameworks",
				);
				MARKETING_VERSION = 1.0.0;
				PRODUCT_BUNDLE_IDENTIFIER = com.hanna.oracle;
				PRODUCT_NAME = "$(TARGET_NAME)";
				SWIFT_OBJC_BRIDGING_HEADER = "Oracle/Oracle-Bridging-Header.h";
				SWIFT_OPTIMIZATION_LEVEL = "-Onone";
				SWIFT_VERSION = 5.0;
			};
			name = Debug;
		};
		7D9526301B5E82C800A7E3A1 /* Release */ = {
			isa = XCBuildConfiguration;
			buildSettings = {
				ASSETCATALOG_COMPILER_APPICON_NAME = AppIcon;
				ASSETCATALOG_COMPILER_INCLUDE_ALL_APPICON_ASSETS = NO;
				CLANG_ENABLE_MODULES = YES;
				CURRENT_PROJECT_VERSION = 1.0.2;
				DEFINES_MODULE = YES;
				DEVELOPMENT_TEAM = B6ALR84LG4;
				INFOPLIST_FILE = Oracle/Info.plist;
				INFOPLIST_KEY_CFBundleDisplayName = Oracle;
				INFOPLIST_KEY_LSApplicationCategoryType = "public.app-category.lifestyle";
				IPHONEOS_DEPLOYMENT_TARGET = 12.0;
				LD_RUNPATH_SEARCH_PATHS = (
					"$(inherited)",
					"@executable_path/Frameworks",
				);
				MARKETING_VERSION = 1.0.0;
				PRODUCT_BUNDLE_IDENTIFIER = com.hanna.oracle;
				PRODUCT_NAME = "$(TARGET_NAME)";
				SWIFT_OBJC_BRIDGING_HEADER = "Oracle/Oracle-Bridging-Header.h";
				SWIFT_VERSION = 5.0;
			};
			name = Release;
		};
/* End XCBuildConfiguration section */

/* Begin XCConfigurationList section */
		7D9526031B5E82C700A7E3A1 /* Build configuration list for PBXProject "Oracle" */ = {
			isa = XCConfigurationList;
			buildConfigurations = (
				7D95262C1B5E82C800A7E3A1 /* Debug */,
				7D95262D1B5E82C800A7E3A1 /* Release */,
			);
			defaultConfigurationIsVisible = 0;
			defaultConfigurationName = Release;
		};
		7D95262E1B5E82C800A7E3A1 /* Build configuration list for PBXNativeTarget "Oracle" */ = {
			isa = XCConfigurationList;
			buildConfigurations = (
				7D95262F1B5E82C800A7E3A1 /* Debug */,
				7D9526301B5E82C800A7E3A1 /* Release */,
			);
			defaultConfigurationIsVisible = 0;
			defaultConfigurationName = Release;
		};
/* End XCConfigurationList section */

/* Begin XCRemoteSwiftPackageReference section */
		88587F0529439BC900378339 /* XCRemoteSwiftPackageReference "firebase-ios-sdk" */ = {
			isa = XCRemoteSwiftPackageReference;
			repositoryURL = "https://github.com/firebase/firebase-ios-sdk";
			requirement = {
				kind = upToNextMajorVersion;
				minimumVersion = 10.3.0;
			};
		};
/* End XCRemoteSwiftPackageReference section */

/* Begin XCSwiftPackageProductDependency section */
		88587F0629439BC900378339 /* FirebaseAnalytics */ = {
			isa = XCSwiftPackageProductDependency;
			package = 88587F0529439BC900378339 /* XCRemoteSwiftPackageReference "firebase-ios-sdk" */;
			productName = FirebaseAnalytics;
		};
		88587F0829439BC900378339 /* FirebaseAnalyticsSwift */ = {
			isa = XCSwiftPackageProductDependency;
			package = 88587F0529439BC900378339 /* XCRemoteSwiftPackageReference "firebase-ios-sdk" */;
			productName = FirebaseAnalyticsSwift;
		};
		88587F0A29439BC900378339 /* FirebaseCrashlytics */ = {
			isa = XCSwiftPackageProductDependency;
			package = 88587F0529439BC900378339 /* XCRemoteSwiftPackageReference "firebase-ios-sdk" */;
			productName = FirebaseCrashlytics;
		};
/* End XCSwiftPackageProductDependency section */

/* Begin XCVersionGroup section */
		7D9526121B5E82C700A7E3A1 /* Oracle.xcdatamodeld */ = {
			isa = XCVersionGroup;
			children = (
				7D9526131B5E82C700A7E3A1 /* Oracle.xcdatamodel */,
			);
			currentVersion = 7D9526131B5E82C700A7E3A1 /* Oracle.xcdatamodel */;
			path = Oracle.xcdatamodeld;
			sourceTree = "<group>";
			versionGroupType = wrapper.xcdatamodel;
		};
/* End XCVersionGroup section */
	};
	rootObject = 7D9526001B5E82C700A7E3A1 /* Project object */;
}
