// !$*UTF8*$!
{
	archiveVersion = 1;
	classes = {
	};
	objectVersion = 46;
	objects = {

/* Begin PBXBuildFile section */
		7D5D21171E2797C500A04457 /* UIViewControllerExtension.m in Sources */ = {isa = PBXBuildFile; fileRef = 7D5D21161E2797C500A04457 /* UIViewControllerExtension.m */; };
		7D85F0371F0D286400E50678 /* WelcomeScreenViewController.m in Sources */ = {isa = PBXBuildFile; fileRef = 7D85F0361F0D286400E50678 /* WelcomeScreenViewController.m */; };
		7D91D2511F0E6941006BD352 /* DecorationManager.m in Sources */ = {isa = PBXBuildFile; fileRef = 7D91D2501F0E6941006BD352 /* DecorationManager.m */; };
		7D95260E1B5E82C700A7E3A1 /* main.m in Sources */ = {isa = PBXBuildFile; fileRef = 7D95260D1B5E82C700A7E3A1 /* main.m */; };
		7D9526111B5E82C700A7E3A1 /* AppDelegate.m in Sources */ = {isa = PBXBuildFile; fileRef = 7D9526101B5E82C700A7E3A1 /* AppDelegate.m */; };
		7D9526141B5E82C800A7E3A1 /* Oracle.xcdatamodeld in Sources */ = {isa = PBXBuildFile; fileRef = 7D9526121B5E82C700A7E3A1 /* Oracle.xcdatamodeld */; };
		7D95261C1B5E82C800A7E3A1 /* Images.xcassets in Resources */ = {isa = PBXBuildFile; fileRef = 7D95261B1B5E82C800A7E3A1 /* Images.xcassets */; };
		7D95261F1B5E82C800A7E3A1 /* LaunchScreen.xib in Resources */ = {isa = PBXBuildFile; fileRef = 7D95261D1B5E82C800A7E3A1 /* LaunchScreen.xib */; };
		7D95262B1B5E82C800A7E3A1 /* OracleTests.m in Sources */ = {isa = PBXBuildFile; fileRef = 7D95262A1B5E82C800A7E3A1 /* OracleTests.m */; };
		7D9526351B5E8EE000A7E3A1 /* image.png in Resources */ = {isa = PBXBuildFile; fileRef = 7D9526341B5E8EE000A7E3A1 /* image.png */; };
		7D99124E20ECBD97001855B0 /* BaseViewController.m in Sources */ = {isa = PBXBuildFile; fileRef = 7D99124D20ECBD97001855B0 /* BaseViewController.m */; };
		7D9A29FF1E3A0487005E94D0 /* QuestionViewController.m in Sources */ = {isa = PBXBuildFile; fileRef = 7D9A29FE1E3A0487005E94D0 /* QuestionViewController.m */; };
		7D9A2A0C1E3A456B005E94D0 /* images in Resources */ = {isa = PBXBuildFile; fileRef = 7D9A2A0B1E3A456B005E94D0 /* images */; };
		7D9DE030200E38EA009C9E08 /* AppearanceManager.m in Sources */ = {isa = PBXBuildFile; fileRef = 7D9DE02F200E38EA009C9E08 /* AppearanceManager.m */; };
		7DA4B04D1EB2164600BA6D50 /* RulesViewController.m in Sources */ = {isa = PBXBuildFile; fileRef = 7DA4B04C1EB2164600BA6D50 /* RulesViewController.m */; };
		7DA9A0781E4C496400B1D90C /* Keys.plist in Resources */ = {isa = PBXBuildFile; fileRef = 7DA9A0771E4C496400B1D90C /* Keys.plist */; };
		7DAD8DC81EC2E13D00C619A4 /* PFHellenicaSerifPro-Bold.ttf in Resources */ = {isa = PBXBuildFile; fileRef = 7DAD8DC71EC2E13D00C619A4 /* PFHellenicaSerifPro-Bold.ttf */; };
		7DAED45E1DFFEA400067DBC1 /* Localizable.strings in Resources */ = {isa = PBXBuildFile; fileRef = 7DAED45C1DFFEA400067DBC1 /* Localizable.strings */; };
		7DAED4621DFFEA490067DBC1 /* LaunchScreen.strings in Resources */ = {isa = PBXBuildFile; fileRef = 7DAED4601DFFEA490067DBC1 /* LaunchScreen.strings */; };
		7DAED4651DFFEB2C0067DBC1 /* Localizable.strings in Resources */ = {isa = PBXBuildFile; fileRef = 7DAED4631DFFEB2C0067DBC1 /* Localizable.strings */; };
		7DB4A1C41DF8594500A5E1A4 /* From1to99Manager.m in Sources */ = {isa = PBXBuildFile; fileRef = 7DB4A1C31DF8594500A5E1A4 /* From1to99Manager.m */; };
		7DB4A1C81DF8596A00A5E1A4 /* History.m in Sources */ = {isa = PBXBuildFile; fileRef = 7DB4A1C71DF8596A00A5E1A4 /* History.m */; };
		7DB4A1DB1DF8766100A5E1A4 /* NSFileManagerExtension.m in Sources */ = {isa = PBXBuildFile; fileRef = 7DB4A1D81DF8766100A5E1A4 /* NSFileManagerExtension.m */; };
		7DB4A1DC1DF8766100A5E1A4 /* NSStringExtension.m in Sources */ = {isa = PBXBuildFile; fileRef = 7DB4A1DA1DF8766100A5E1A4 /* NSStringExtension.m */; };
		7DB4A1DF1DF8769200A5E1A4 /* UIImageExtension.m in Sources */ = {isa = PBXBuildFile; fileRef = 7DB4A1DE1DF8769200A5E1A4 /* UIImageExtension.m */; };
		7DBCC0A91E390B5D0068C203 /* DetailsViewController.m in Sources */ = {isa = PBXBuildFile; fileRef = 7DBCC09E1E390B5D0068C203 /* DetailsViewController.m */; };
		7DBCC0AA1E390B5D0068C203 /* EnterNameViewController.m in Sources */ = {isa = PBXBuildFile; fileRef = 7DBCC0A01E390B5D0068C203 /* EnterNameViewController.m */; };
		7DBCC0AB1E390B5D0068C203 /* HistoryTableViewController.m in Sources */ = {isa = PBXBuildFile; fileRef = 7DBCC0A21E390B5D0068C203 /* HistoryTableViewController.m */; };
		7DBCC0AC1E390B5D0068C203 /* IconImageView.m in Sources */ = {isa = PBXBuildFile; fileRef = 7DBCC0A41E390B5D0068C203 /* IconImageView.m */; };
		7DBCC0AD1E390B5D0068C203 /* NumericPlayFieldViewController.m in Sources */ = {isa = PBXBuildFile; fileRef = 7DBCC0A61E390B5D0068C203 /* NumericPlayFieldViewController.m */; };
		7DBCC0AE1E390B5D0068C203 /* SaveResultViewController.m in Sources */ = {isa = PBXBuildFile; fileRef = 7DBCC0A81E390B5D0068C203 /* SaveResultViewController.m */; };
		7DBCC0B11E390B8C0068C203 /* ChooseGameViewController.m in Sources */ = {isa = PBXBuildFile; fileRef = 7DBCC0B01E390B8C0068C203 /* ChooseGameViewController.m */; };
		7DBCFF741DFEE70800E43961 /* LocalStorageManager.m in Sources */ = {isa = PBXBuildFile; fileRef = 7DBCFF731DFEE70800E43961 /* LocalStorageManager.m */; };
		7DBF5AE71EBCBFB700EE0D5C /* Fonts in Resources */ = {isa = PBXBuildFile; fileRef = 7DBF5AE61EBCBFB700EE0D5C /* Fonts */; };
		7DBF5AE91EBCC01D00EE0D5C /* PFHellenicaSerifPro-Light.ttf in Resources */ = {isa = PBXBuildFile; fileRef = 7DBF5AE81EBCC01D00EE0D5C /* PFHellenicaSerifPro-Light.ttf */; };
/* End PBXBuildFile section */

/* Begin PBXContainerItemProxy section */
		7D9526251B5E82C800A7E3A1 /* PBXContainerItemProxy */ = {
			isa = PBXContainerItemProxy;
			containerPortal = 7D9526001B5E82C700A7E3A1 /* Project object */;
			proxyType = 1;
			remoteGlobalIDString = 7D9526071B5E82C700A7E3A1;
			remoteInfo = Oracle;
		};
/* End PBXContainerItemProxy section */

/* Begin PBXFileReference section */
		7D5D21151E2797C500A04457 /* UIViewControllerExtension.h */ = {isa = PBXFileReference; fileEncoding = 4; lastKnownFileType = sourcecode.c.h; path = UIViewControllerExtension.h; sourceTree = "<group>"; };
		7D5D21161E2797C500A04457 /* UIViewControllerExtension.m */ = {isa = PBXFileReference; fileEncoding = 4; lastKnownFileType = sourcecode.c.objc; path = UIViewControllerExtension.m; sourceTree = "<group>"; };
		7D85F0351F0D286400E50678 /* WelcomeScreenViewController.h */ = {isa = PBXFileReference; fileEncoding = 4; lastKnownFileType = sourcecode.c.h; path = WelcomeScreenViewController.h; sourceTree = "<group>"; };
		7D85F0361F0D286400E50678 /* WelcomeScreenViewController.m */ = {isa = PBXFileReference; fileEncoding = 4; lastKnownFileType = sourcecode.c.objc; path = WelcomeScreenViewController.m; sourceTree = "<group>"; };
		7D91D24F1F0E6941006BD352 /* DecorationManager.h */ = {isa = PBXFileReference; fileEncoding = 4; lastKnownFileType = sourcecode.c.h; path = DecorationManager.h; sourceTree = "<group>"; };
		7D91D2501F0E6941006BD352 /* DecorationManager.m */ = {isa = PBXFileReference; fileEncoding = 4; lastKnownFileType = sourcecode.c.objc; path = DecorationManager.m; sourceTree = "<group>"; };
		7D9526081B5E82C700A7E3A1 /* Oracle.app */ = {isa = PBXFileReference; explicitFileType = wrapper.application; includeInIndex = 0; path = Oracle.app; sourceTree = BUILT_PRODUCTS_DIR; };
		7D95260C1B5E82C700A7E3A1 /* Info.plist */ = {isa = PBXFileReference; lastKnownFileType = text.plist.xml; path = Info.plist; sourceTree = "<group>"; };
		7D95260D1B5E82C700A7E3A1 /* main.m */ = {isa = PBXFileReference; lastKnownFileType = sourcecode.c.objc; path = main.m; sourceTree = "<group>"; };
		7D95260F1B5E82C700A7E3A1 /* AppDelegate.h */ = {isa = PBXFileReference; lastKnownFileType = sourcecode.c.h; path = AppDelegate.h; sourceTree = "<group>"; };
		7D9526101B5E82C700A7E3A1 /* AppDelegate.m */ = {isa = PBXFileReference; lastKnownFileType = sourcecode.c.objc; path = AppDelegate.m; sourceTree = "<group>"; };
		7D9526131B5E82C700A7E3A1 /* Oracle.xcdatamodel */ = {isa = PBXFileReference; lastKnownFileType = wrapper.xcdatamodel; path = Oracle.xcdatamodel; sourceTree = "<group>"; };
		7D95261B1B5E82C800A7E3A1 /* Images.xcassets */ = {isa = PBXFileReference; lastKnownFileType = folder.assetcatalog; path = Images.xcassets; sourceTree = "<group>"; };
		7D95261E1B5E82C800A7E3A1 /* Base */ = {isa = PBXFileReference; lastKnownFileType = file.xib; name = Base; path = Base.lproj/LaunchScreen.xib; sourceTree = "<group>"; };
		7D9526241B5E82C800A7E3A1 /* OracleTests.xctest */ = {isa = PBXFileReference; explicitFileType = wrapper.cfbundle; includeInIndex = 0; path = OracleTests.xctest; sourceTree = BUILT_PRODUCTS_DIR; };
		7D9526291B5E82C800A7E3A1 /* Info.plist */ = {isa = PBXFileReference; lastKnownFileType = text.plist.xml; path = Info.plist; sourceTree = "<group>"; };
		7D95262A1B5E82C800A7E3A1 /* OracleTests.m */ = {isa = PBXFileReference; lastKnownFileType = sourcecode.c.objc; path = OracleTests.m; sourceTree = "<group>"; };
		7D9526341B5E8EE000A7E3A1 /* image.png */ = {isa = PBXFileReference; lastKnownFileType = image.png; path = image.png; sourceTree = "<group>"; };
		7D99124C20ECBD97001855B0 /* BaseViewController.h */ = {isa = PBXFileReference; lastKnownFileType = sourcecode.c.h; path = BaseViewController.h; sourceTree = "<group>"; };
		7D99124D20ECBD97001855B0 /* BaseViewController.m */ = {isa = PBXFileReference; lastKnownFileType = sourcecode.c.objc; path = BaseViewController.m; sourceTree = "<group>"; };
		7D9A29FD1E3A0487005E94D0 /* QuestionViewController.h */ = {isa = PBXFileReference; fileEncoding = 4; lastKnownFileType = sourcecode.c.h; path = QuestionViewController.h; sourceTree = "<group>"; };
		7D9A29FE1E3A0487005E94D0 /* QuestionViewController.m */ = {isa = PBXFileReference; fileEncoding = 4; lastKnownFileType = sourcecode.c.objc; path = QuestionViewController.m; sourceTree = "<group>"; };
		7D9A2A0B1E3A456B005E94D0 /* images */ = {isa = PBXFileReference; lastKnownFileType = folder; name = images; path = Resources/images; sourceTree = "<group>"; };
		7D9DE02E200E38E9009C9E08 /* AppearanceManager.h */ = {isa = PBXFileReference; fileEncoding = 4; lastKnownFileType = sourcecode.c.h; path = AppearanceManager.h; sourceTree = "<group>"; };
		7D9DE02F200E38EA009C9E08 /* AppearanceManager.m */ = {isa = PBXFileReference; fileEncoding = 4; lastKnownFileType = sourcecode.c.objc; path = AppearanceManager.m; sourceTree = "<group>"; };
		7DA4B04B1EB2164600BA6D50 /* RulesViewController.h */ = {isa = PBXFileReference; fileEncoding = 4; lastKnownFileType = sourcecode.c.h; path = RulesViewController.h; sourceTree = "<group>"; };
		7DA4B04C1EB2164600BA6D50 /* RulesViewController.m */ = {isa = PBXFileReference; fileEncoding = 4; lastKnownFileType = sourcecode.c.objc; path = RulesViewController.m; sourceTree = "<group>"; };
		7DA9A0771E4C496400B1D90C /* Keys.plist */ = {isa = PBXFileReference; fileEncoding = 4; lastKnownFileType = text.plist.xml; path = Keys.plist; sourceTree = "<group>"; };
		7DAD8DC71EC2E13D00C619A4 /* PFHellenicaSerifPro-Bold.ttf */ = {isa = PBXFileReference; lastKnownFileType = file; name = "PFHellenicaSerifPro-Bold.ttf"; path = "Oracle/Resources/Fonts/PFHellenicaSerifPro-Bold.ttf"; sourceTree = "<group>"; };
		7DAED4571DFFE93B0067DBC1 /* uk */ = {isa = PBXFileReference; lastKnownFileType = text.plist.strings; name = uk; path = uk.lproj/LaunchScreen.strings; sourceTree = "<group>"; };
		7DAED45D1DFFEA400067DBC1 /* en */ = {isa = PBXFileReference; lastKnownFileType = text.plist.strings; name = en; path = Localizable.strings; sourceTree = "<group>"; };
		7DAED4611DFFEA490067DBC1 /* uk */ = {isa = PBXFileReference; lastKnownFileType = text.plist.strings; name = uk; path = LaunchScreen.strings; sourceTree = "<group>"; };
		7DAED4641DFFEB2C0067DBC1 /* uk */ = {isa = PBXFileReference; lastKnownFileType = text.plist.strings; name = uk; path = Localizable.strings; sourceTree = "<group>"; };
		7DB4A1C21DF8594500A5E1A4 /* From1to99Manager.h */ = {isa = PBXFileReference; fileEncoding = 4; lastKnownFileType = sourcecode.c.h; path = From1to99Manager.h; sourceTree = "<group>"; };
		7DB4A1C31DF8594500A5E1A4 /* From1to99Manager.m */ = {isa = PBXFileReference; fileEncoding = 4; lastKnownFileType = sourcecode.c.objc; path = From1to99Manager.m; sourceTree = "<group>"; };
		7DB4A1C61DF8596A00A5E1A4 /* History.h */ = {isa = PBXFileReference; fileEncoding = 4; lastKnownFileType = sourcecode.c.h; path = History.h; sourceTree = "<group>"; };
		7DB4A1C71DF8596A00A5E1A4 /* History.m */ = {isa = PBXFileReference; fileEncoding = 4; lastKnownFileType = sourcecode.c.objc; path = History.m; sourceTree = "<group>"; };
		7DB4A1D71DF8766100A5E1A4 /* NSFileManagerExtension.h */ = {isa = PBXFileReference; fileEncoding = 4; lastKnownFileType = sourcecode.c.h; path = NSFileManagerExtension.h; sourceTree = "<group>"; };
		7DB4A1D81DF8766100A5E1A4 /* NSFileManagerExtension.m */ = {isa = PBXFileReference; fileEncoding = 4; lastKnownFileType = sourcecode.c.objc; path = NSFileManagerExtension.m; sourceTree = "<group>"; };
		7DB4A1D91DF8766100A5E1A4 /* NSStringExtension.h */ = {isa = PBXFileReference; fileEncoding = 4; lastKnownFileType = sourcecode.c.h; path = NSStringExtension.h; sourceTree = "<group>"; };
		7DB4A1DA1DF8766100A5E1A4 /* NSStringExtension.m */ = {isa = PBXFileReference; fileEncoding = 4; lastKnownFileType = sourcecode.c.objc; path = NSStringExtension.m; sourceTree = "<group>"; };
		7DB4A1DD1DF8769200A5E1A4 /* UIImageExtension.h */ = {isa = PBXFileReference; fileEncoding = 4; lastKnownFileType = sourcecode.c.h; path = UIImageExtension.h; sourceTree = "<group>"; };
		7DB4A1DE1DF8769200A5E1A4 /* UIImageExtension.m */ = {isa = PBXFileReference; fileEncoding = 4; lastKnownFileType = sourcecode.c.objc; path = UIImageExtension.m; sourceTree = "<group>"; };
		7DBCC09D1E390B5D0068C203 /* DetailsViewController.h */ = {isa = PBXFileReference; fileEncoding = 4; lastKnownFileType = sourcecode.c.h; path = DetailsViewController.h; sourceTree = "<group>"; };
		7DBCC09E1E390B5D0068C203 /* DetailsViewController.m */ = {isa = PBXFileReference; fileEncoding = 4; lastKnownFileType = sourcecode.c.objc; path = DetailsViewController.m; sourceTree = "<group>"; };
		7DBCC09F1E390B5D0068C203 /* EnterNameViewController.h */ = {isa = PBXFileReference; fileEncoding = 4; lastKnownFileType = sourcecode.c.h; path = EnterNameViewController.h; sourceTree = "<group>"; };
		7DBCC0A01E390B5D0068C203 /* EnterNameViewController.m */ = {isa = PBXFileReference; fileEncoding = 4; lastKnownFileType = sourcecode.c.objc; path = EnterNameViewController.m; sourceTree = "<group>"; };
		7DBCC0A11E390B5D0068C203 /* HistoryTableViewController.h */ = {isa = PBXFileReference; fileEncoding = 4; lastKnownFileType = sourcecode.c.h; path = HistoryTableViewController.h; sourceTree = "<group>"; };
		7DBCC0A21E390B5D0068C203 /* HistoryTableViewController.m */ = {isa = PBXFileReference; fileEncoding = 4; lastKnownFileType = sourcecode.c.objc; path = HistoryTableViewController.m; sourceTree = "<group>"; };
		7DBCC0A31E390B5D0068C203 /* IconImageView.h */ = {isa = PBXFileReference; fileEncoding = 4; lastKnownFileType = sourcecode.c.h; path = IconImageView.h; sourceTree = "<group>"; };
		7DBCC0A41E390B5D0068C203 /* IconImageView.m */ = {isa = PBXFileReference; fileEncoding = 4; lastKnownFileType = sourcecode.c.objc; path = IconImageView.m; sourceTree = "<group>"; };
		7DBCC0A51E390B5D0068C203 /* NumericPlayFieldViewController.h */ = {isa = PBXFileReference; fileEncoding = 4; lastKnownFileType = sourcecode.c.h; path = NumericPlayFieldViewController.h; sourceTree = "<group>"; };
		7DBCC0A61E390B5D0068C203 /* NumericPlayFieldViewController.m */ = {isa = PBXFileReference; fileEncoding = 4; lastKnownFileType = sourcecode.c.objc; path = NumericPlayFieldViewController.m; sourceTree = "<group>"; };
		7DBCC0A71E390B5D0068C203 /* SaveResultViewController.h */ = {isa = PBXFileReference; fileEncoding = 4; lastKnownFileType = sourcecode.c.h; path = SaveResultViewController.h; sourceTree = "<group>"; };
		7DBCC0A81E390B5D0068C203 /* SaveResultViewController.m */ = {isa = PBXFileReference; fileEncoding = 4; lastKnownFileType = sourcecode.c.objc; path = SaveResultViewController.m; sourceTree = "<group>"; };
		7DBCC0AF1E390B8C0068C203 /* ChooseGameViewController.h */ = {isa = PBXFileReference; fileEncoding = 4; lastKnownFileType = sourcecode.c.h; path = ChooseGameViewController.h; sourceTree = "<group>"; };
		7DBCC0B01E390B8C0068C203 /* ChooseGameViewController.m */ = {isa = PBXFileReference; fileEncoding = 4; lastKnownFileType = sourcecode.c.objc; path = ChooseGameViewController.m; sourceTree = "<group>"; };
		7DBCFF721DFEE70700E43961 /* LocalStorageManager.h */ = {isa = PBXFileReference; fileEncoding = 4; lastKnownFileType = sourcecode.c.h; path = LocalStorageManager.h; sourceTree = "<group>"; };
		7DBCFF731DFEE70800E43961 /* LocalStorageManager.m */ = {isa = PBXFileReference; fileEncoding = 4; lastKnownFileType = sourcecode.c.objc; path = LocalStorageManager.m; sourceTree = "<group>"; };
		7DBF5AE61EBCBFB700EE0D5C /* Fonts */ = {isa = PBXFileReference; lastKnownFileType = folder; name = Fonts; path = Resources/Fonts; sourceTree = "<group>"; };
		7DBF5AE81EBCC01D00EE0D5C /* PFHellenicaSerifPro-Light.ttf */ = {isa = PBXFileReference; lastKnownFileType = file; name = "PFHellenicaSerifPro-Light.ttf"; path = "Oracle/Resources/Fonts/PFHellenicaSerifPro-Light.ttf"; sourceTree = "<group>"; };
/* End PBXFileReference section */

/* Begin PBXFrameworksBuildPhase section */
		7D9526051B5E82C700A7E3A1 /* Frameworks */ = {
			isa = PBXFrameworksBuildPhase;
			buildActionMask = 2147483647;
			files = (
			);
			runOnlyForDeploymentPostprocessing = 0;
		};
		7D9526211B5E82C800A7E3A1 /* Frameworks */ = {
			isa = PBXFrameworksBuildPhase;
			buildActionMask = 2147483647;
			files = (
			);
			runOnlyForDeploymentPostprocessing = 0;
		};
/* End PBXFrameworksBuildPhase section */

/* Begin PBXGroup section */
		7D9525FF1B5E82C700A7E3A1 = {
			isa = PBXGroup;
			children = (
				7DAD8DC71EC2E13D00C619A4 /* PFHellenicaSerifPro-Bold.ttf */,
				7DBF5AE81EBCC01D00EE0D5C /* PFHellenicaSerifPro-Light.ttf */,
				7D95260A1B5E82C700A7E3A1 /* Oracle */,
				7D9526271B5E82C800A7E3A1 /* OracleTests */,
				7D9526091B5E82C700A7E3A1 /* Products */,
			);
			sourceTree = "<group>";
		};
		7D9526091B5E82C700A7E3A1 /* Products */ = {
			isa = PBXGroup;
			children = (
				7D9526081B5E82C700A7E3A1 /* Oracle.app */,
				7D9526241B5E82C800A7E3A1 /* OracleTests.xctest */,
			);
			name = Products;
			sourceTree = "<group>";
		};
		7D95260A1B5E82C700A7E3A1 /* Oracle */ = {
			isa = PBXGroup;
			children = (
				7D95260F1B5E82C700A7E3A1 /* AppDelegate.h */,
				7D9526101B5E82C700A7E3A1 /* AppDelegate.m */,
				7DB4A1C91DF8599D00A5E1A4 /* InterfaceLayer */,
				7DB4A1C51DF8596A00A5E1A4 /* DataLayer */,
				7DB4A1C11DF8594500A5E1A4 /* Managers */,
				7DB4A1D61DF8766100A5E1A4 /* Extensions */,
				7D9526341B5E8EE000A7E3A1 /* image.png */,
				7D9A2A0A1E3A4545005E94D0 /* Resources */,
				7D95261B1B5E82C800A7E3A1 /* Images.xcassets */,
				7D95261D1B5E82C800A7E3A1 /* LaunchScreen.xib */,
				7D9526121B5E82C700A7E3A1 /* Oracle.xcdatamodeld */,
				7D95260B1B5E82C700A7E3A1 /* Supporting Files */,
			);
			path = Oracle;
			sourceTree = "<group>";
		};
		7D95260B1B5E82C700A7E3A1 /* Supporting Files */ = {
			isa = PBXGroup;
			children = (
				7DAED45F1DFFEA490067DBC1 /* uk.lproj */,
				7DAED45B1DFFEA400067DBC1 /* en.lproj */,
				7D95260C1B5E82C700A7E3A1 /* Info.plist */,
				7D95260D1B5E82C700A7E3A1 /* main.m */,
			);
			name = "Supporting Files";
			sourceTree = "<group>";
		};
		7D9526271B5E82C800A7E3A1 /* OracleTests */ = {
			isa = PBXGroup;
			children = (
				7D95262A1B5E82C800A7E3A1 /* OracleTests.m */,
				7D9526281B5E82C800A7E3A1 /* Supporting Files */,
			);
			path = OracleTests;
			sourceTree = "<group>";
		};
		7D9526281B5E82C800A7E3A1 /* Supporting Files */ = {
			isa = PBXGroup;
			children = (
				7D9526291B5E82C800A7E3A1 /* Info.plist */,
			);
			name = "Supporting Files";
			sourceTree = "<group>";
		};
		7D9A29FC1E39F6A5005E94D0 /* TestGame */ = {
			isa = PBXGroup;
			children = (
				7D9A29FD1E3A0487005E94D0 /* QuestionViewController.h */,
				7D9A29FE1E3A0487005E94D0 /* QuestionViewController.m */,
				7DA9A0771E4C496400B1D90C /* Keys.plist */,
			);
			path = TestGame;
			sourceTree = "<group>";
		};
		7D9A2A0A1E3A4545005E94D0 /* Resources */ = {
			isa = PBXGroup;
			children = (
				7DBF5AE61EBCBFB700EE0D5C /* Fonts */,
				7D9A2A0B1E3A456B005E94D0 /* images */,
			);
			name = Resources;
			sourceTree = "<group>";
		};
		7DAED45B1DFFEA400067DBC1 /* en.lproj */ = {
			isa = PBXGroup;
			children = (
				7DAED45C1DFFEA400067DBC1 /* Localizable.strings */,
			);
			path = en.lproj;
			sourceTree = "<group>";
		};
		7DAED45F1DFFEA490067DBC1 /* uk.lproj */ = {
			isa = PBXGroup;
			children = (
				7DAED4601DFFEA490067DBC1 /* LaunchScreen.strings */,
				7DAED4631DFFEB2C0067DBC1 /* Localizable.strings */,
			);
			path = uk.lproj;
			sourceTree = "<group>";
		};
		7DB4A1C11DF8594500A5E1A4 /* Managers */ = {
			isa = PBXGroup;
			children = (
				7D9DE02E200E38E9009C9E08 /* AppearanceManager.h */,
				7D9DE02F200E38EA009C9E08 /* AppearanceManager.m */,
				7DB4A1C21DF8594500A5E1A4 /* From1to99Manager.h */,
				7DB4A1C31DF8594500A5E1A4 /* From1to99Manager.m */,
				7DBCFF721DFEE70700E43961 /* LocalStorageManager.h */,
				7DBCFF731DFEE70800E43961 /* LocalStorageManager.m */,
				7D91D24F1F0E6941006BD352 /* DecorationManager.h */,
				7D91D2501F0E6941006BD352 /* DecorationManager.m */,
			);
			path = Managers;
			sourceTree = "<group>";
		};
		7DB4A1C51DF8596A00A5E1A4 /* DataLayer */ = {
			isa = PBXGroup;
			children = (
				7DB4A1C61DF8596A00A5E1A4 /* History.h */,
				7DB4A1C71DF8596A00A5E1A4 /* History.m */,
			);
			path = DataLayer;
			sourceTree = "<group>";
		};
		7DB4A1C91DF8599D00A5E1A4 /* InterfaceLayer */ = {
			isa = PBXGroup;
			children = (
				7D99124C20ECBD97001855B0 /* BaseViewController.h */,
				7D99124D20ECBD97001855B0 /* BaseViewController.m */,
				7D85F0351F0D286400E50678 /* WelcomeScreenViewController.h */,
				7D85F0361F0D286400E50678 /* WelcomeScreenViewController.m */,
				7DBCC0AF1E390B8C0068C203 /* ChooseGameViewController.h */,
				7DBCC0B01E390B8C0068C203 /* ChooseGameViewController.m */,
				7DA4B04B1EB2164600BA6D50 /* RulesViewController.h */,
				7DA4B04C1EB2164600BA6D50 /* RulesViewController.m */,
				7DBCC09C1E390B3A0068C203 /* NumberGame */,
				7D9A29FC1E39F6A5005E94D0 /* TestGame */,
			);
			path = InterfaceLayer;
			sourceTree = "<group>";
		};
		7DB4A1D61DF8766100A5E1A4 /* Extensions */ = {
			isa = PBXGroup;
			children = (
				7DB4A1D71DF8766100A5E1A4 /* NSFileManagerExtension.h */,
				7DB4A1D81DF8766100A5E1A4 /* NSFileManagerExtension.m */,
				7DB4A1D91DF8766100A5E1A4 /* NSStringExtension.h */,
				7DB4A1DA1DF8766100A5E1A4 /* NSStringExtension.m */,
				7DB4A1DD1DF8769200A5E1A4 /* UIImageExtension.h */,
				7DB4A1DE1DF8769200A5E1A4 /* UIImageExtension.m */,
				7D5D21151E2797C500A04457 /* UIViewControllerExtension.h */,
				7D5D21161E2797C500A04457 /* UIViewControllerExtension.m */,
			);
			path = Extensions;
			sourceTree = "<group>";
		};
		7DBCC09C1E390B3A0068C203 /* NumberGame */ = {
			isa = PBXGroup;
			children = (
				7DBCC09F1E390B5D0068C203 /* EnterNameViewController.h */,
				7DBCC0A01E390B5D0068C203 /* EnterNameViewController.m */,
				7DBCC0A51E390B5D0068C203 /* NumericPlayFieldViewController.h */,
				7DBCC0A61E390B5D0068C203 /* NumericPlayFieldViewController.m */,
				7DBCC0A71E390B5D0068C203 /* SaveResultViewController.h */,
				7DBCC0A81E390B5D0068C203 /* SaveResultViewController.m */,
				7DBCC0A11E390B5D0068C203 /* HistoryTableViewController.h */,
				7DBCC0A21E390B5D0068C203 /* HistoryTableViewController.m */,
				7DBCC09D1E390B5D0068C203 /* DetailsViewController.h */,
				7DBCC09E1E390B5D0068C203 /* DetailsViewController.m */,
				7DBCC0A31E390B5D0068C203 /* IconImageView.h */,
				7DBCC0A41E390B5D0068C203 /* IconImageView.m */,
			);
			path = NumberGame;
			sourceTree = "<group>";
		};
/* End PBXGroup section */

/* Begin PBXNativeTarget section */
		7D9526071B5E82C700A7E3A1 /* Oracle */ = {
			isa = PBXNativeTarget;
			buildConfigurationList = 7D95262E1B5E82C800A7E3A1 /* Build configuration list for PBXNativeTarget "Oracle" */;
			buildPhases = (
				7D9526041B5E82C700A7E3A1 /* Sources */,
				7D9526051B5E82C700A7E3A1 /* Frameworks */,
				7D9526061B5E82C700A7E3A1 /* Resources */,
			);
			buildRules = (
			);
			dependencies = (
			);
			name = Oracle;
			productName = Oracle;
			productReference = 7D9526081B5E82C700A7E3A1 /* Oracle.app */;
			productType = "com.apple.product-type.application";
		};
		7D9526231B5E82C800A7E3A1 /* OracleTests */ = {
			isa = PBXNativeTarget;
			buildConfigurationList = 7D9526311B5E82C800A7E3A1 /* Build configuration list for PBXNativeTarget "OracleTests" */;
			buildPhases = (
				7D9526201B5E82C800A7E3A1 /* Sources */,
				7D9526211B5E82C800A7E3A1 /* Frameworks */,
				7D9526221B5E82C800A7E3A1 /* Resources */,
			);
			buildRules = (
			);
			dependencies = (
				7D9526261B5E82C800A7E3A1 /* PBXTargetDependency */,
			);
			name = OracleTests;
			productName = OracleTests;
			productReference = 7D9526241B5E82C800A7E3A1 /* OracleTests.xctest */;
			productType = "com.apple.product-type.bundle.unit-test";
		};
/* End PBXNativeTarget section */

/* Begin PBXProject section */
		7D9526001B5E82C700A7E3A1 /* Project object */ = {
			isa = PBXProject;
			attributes = {
				LastUpgradeCheck = 0940;
				ORGANIZATIONNAME = AnnKotova;
				TargetAttributes = {
					7D9526071B5E82C700A7E3A1 = {
						CreatedOnToolsVersion = 6.3;
					};
					7D9526231B5E82C800A7E3A1 = {
						CreatedOnToolsVersion = 6.3;
						TestTargetID = 7D9526071B5E82C700A7E3A1;
					};
				};
			};
			buildConfigurationList = 7D9526031B5E82C700A7E3A1 /* Build configuration list for PBXProject "Oracle" */;
			compatibilityVersion = "Xcode 3.2";
			developmentRegion = English;
			hasScannedForEncodings = 0;
			knownRegions = (
				en,
				Base,
				uk,
			);
			mainGroup = 7D9525FF1B5E82C700A7E3A1;
			productRefGroup = 7D9526091B5E82C700A7E3A1 /* Products */;
			projectDirPath = "";
			projectRoot = "";
			targets = (
				7D9526071B5E82C700A7E3A1 /* Oracle */,
				7D9526231B5E82C800A7E3A1 /* OracleTests */,
			);
		};
/* End PBXProject section */

/* Begin PBXResourcesBuildPhase section */
		7D9526061B5E82C700A7E3A1 /* Resources */ = {
			isa = PBXResourcesBuildPhase;
			buildActionMask = 2147483647;
			files = (
				7DA9A0781E4C496400B1D90C /* Keys.plist in Resources */,
				7DAED45E1DFFEA400067DBC1 /* Localizable.strings in Resources */,
				7DAED4651DFFEB2C0067DBC1 /* Localizable.strings in Resources */,
				7DAED4621DFFEA490067DBC1 /* LaunchScreen.strings in Resources */,
				7D95261F1B5E82C800A7E3A1 /* LaunchScreen.xib in Resources */,
				7DBF5AE71EBCBFB700EE0D5C /* Fonts in Resources */,
				7D95261C1B5E82C800A7E3A1 /* Images.xcassets in Resources */,
				7D9A2A0C1E3A456B005E94D0 /* images in Resources */,
				7D9526351B5E8EE000A7E3A1 /* image.png in Resources */,
				7DBF5AE91EBCC01D00EE0D5C /* PFHellenicaSerifPro-Light.ttf in Resources */,
				7DAD8DC81EC2E13D00C619A4 /* PFHellenicaSerifPro-Bold.ttf in Resources */,
			);
			runOnlyForDeploymentPostprocessing = 0;
		};
		7D9526221B5E82C800A7E3A1 /* Resources */ = {
			isa = PBXResourcesBuildPhase;
			buildActionMask = 2147483647;
			files = (
			);
			runOnlyForDeploymentPostprocessing = 0;
		};
/* End PBXResourcesBuildPhase section */

/* Begin PBXSourcesBuildPhase section */
		7D9526041B5E82C700A7E3A1 /* Sources */ = {
			isa = PBXSourcesBuildPhase;
			buildActionMask = 2147483647;
			files = (
				7D5D21171E2797C500A04457 /* UIViewControllerExtension.m in Sources */,
				7D9DE030200E38EA009C9E08 /* AppearanceManager.m in Sources */,
				7D9A29FF1E3A0487005E94D0 /* QuestionViewController.m in Sources */,
				7DBCC0AE1E390B5D0068C203 /* SaveResultViewController.m in Sources */,
				7DBCC0AD1E390B5D0068C203 /* NumericPlayFieldViewController.m in Sources */,
				7DBCC0AB1E390B5D0068C203 /* HistoryTableViewController.m in Sources */,
				7DB4A1DB1DF8766100A5E1A4 /* NSFileManagerExtension.m in Sources */,
				7D85F0371F0D286400E50678 /* WelcomeScreenViewController.m in Sources */,
				7DBCFF741DFEE70800E43961 /* LocalStorageManager.m in Sources */,
				7D9526141B5E82C800A7E3A1 /* Oracle.xcdatamodeld in Sources */,
				7D9526111B5E82C700A7E3A1 /* AppDelegate.m in Sources */,
				7DB4A1C41DF8594500A5E1A4 /* From1to99Manager.m in Sources */,
				7DA4B04D1EB2164600BA6D50 /* RulesViewController.m in Sources */,
				7DBCC0B11E390B8C0068C203 /* ChooseGameViewController.m in Sources */,
				7D95260E1B5E82C700A7E3A1 /* main.m in Sources */,
				7DB4A1C81DF8596A00A5E1A4 /* History.m in Sources */,
				7DBCC0AC1E390B5D0068C203 /* IconImageView.m in Sources */,
				7DBCC0A91E390B5D0068C203 /* DetailsViewController.m in Sources */,
				7DB4A1DF1DF8769200A5E1A4 /* UIImageExtension.m in Sources */,
				7DBCC0AA1E390B5D0068C203 /* EnterNameViewController.m in Sources */,
				7DB4A1DC1DF8766100A5E1A4 /* NSStringExtension.m in Sources */,
				7D91D2511F0E6941006BD352 /* DecorationManager.m in Sources */,
				7D99124E20ECBD97001855B0 /* BaseViewController.m in Sources */,
			);
			runOnlyForDeploymentPostprocessing = 0;
		};
		7D9526201B5E82C800A7E3A1 /* Sources */ = {
			isa = PBXSourcesBuildPhase;
			buildActionMask = 2147483647;
			files = (
				7D95262B1B5E82C800A7E3A1 /* OracleTests.m in Sources */,
			);
			runOnlyForDeploymentPostprocessing = 0;
		};
/* End PBXSourcesBuildPhase section */

/* Begin PBXTargetDependency section */
		7D9526261B5E82C800A7E3A1 /* PBXTargetDependency */ = {
			isa = PBXTargetDependency;
			target = 7D9526071B5E82C700A7E3A1 /* Oracle */;
			targetProxy = 7D9526251B5E82C800A7E3A1 /* PBXContainerItemProxy */;
		};
/* End PBXTargetDependency section */

/* Begin PBXVariantGroup section */
		7D95261D1B5E82C800A7E3A1 /* LaunchScreen.xib */ = {
			isa = PBXVariantGroup;
			children = (
				7D95261E1B5E82C800A7E3A1 /* Base */,
				7DAED4571DFFE93B0067DBC1 /* uk */,
			);
			name = LaunchScreen.xib;
			sourceTree = "<group>";
		};
		7DAED45C1DFFEA400067DBC1 /* Localizable.strings */ = {
			isa = PBXVariantGroup;
			children = (
				7DAED45D1DFFEA400067DBC1 /* en */,
			);
			name = Localizable.strings;
			sourceTree = "<group>";
		};
		7DAED4601DFFEA490067DBC1 /* LaunchScreen.strings */ = {
			isa = PBXVariantGroup;
			children = (
				7DAED4611DFFEA490067DBC1 /* uk */,
			);
			name = LaunchScreen.strings;
			sourceTree = "<group>";
		};
		7DAED4631DFFEB2C0067DBC1 /* Localizable.strings */ = {
			isa = PBXVariantGroup;
			children = (
				7DAED4641DFFEB2C0067DBC1 /* uk */,
			);
			name = Localizable.strings;
			sourceTree = "<group>";
		};
/* End PBXVariantGroup section */

/* Begin XCBuildConfiguration section */
		7D95262C1B5E82C800A7E3A1 /* Debug */ = {
			isa = XCBuildConfiguration;
			buildSettings = {
				ALWAYS_SEARCH_USER_PATHS = NO;
				CLANG_ANALYZER_LOCALIZABILITY_NONLOCALIZED = YES;
				CLANG_CXX_LANGUAGE_STANDARD = "gnu++0x";
				CLANG_CXX_LIBRARY = "libc++";
				CLANG_ENABLE_MODULES = YES;
				CLANG_ENABLE_OBJC_ARC = YES;
				CLANG_WARN_BLOCK_CAPTURE_AUTORELEASING = YES;
				CLANG_WARN_BOOL_CONVERSION = YES;
				CLANG_WARN_COMMA = YES;
				CLANG_WARN_CONSTANT_CONVERSION = YES;
				CLANG_WARN_DEPRECATED_OBJC_IMPLEMENTATIONS = YES;
				CLANG_WARN_DIRECT_OBJC_ISA_USAGE = YES_ERROR;
				CLANG_WARN_EMPTY_BODY = YES;
				CLANG_WARN_ENUM_CONVERSION = YES;
				CLANG_WARN_INFINITE_RECURSION = YES;
				CLANG_WARN_INT_CONVERSION = YES;
				CLANG_WARN_NON_LITERAL_NULL_CONVERSION = YES;
				CLANG_WARN_OBJC_IMPLICIT_RETAIN_SELF = YES;
				CLANG_WARN_OBJC_LITERAL_CONVERSION = YES;
				CLANG_WARN_OBJC_ROOT_CLASS = YES_ERROR;
				CLANG_WARN_RANGE_LOOP_ANALYSIS = YES;
				CLANG_WARN_STRICT_PROTOTYPES = YES;
				CLANG_WARN_SUSPICIOUS_MOVE = YES;
				CLANG_WARN_UNREACHABLE_CODE = YES;
				CLANG_WARN__DUPLICATE_METHOD_MATCH = YES;
				"CODE_SIGN_IDENTITY[sdk=iphoneos*]" = "iPhone Developer";
				COPY_PHASE_STRIP = NO;
				DEBUG_INFORMATION_FORMAT = "dwarf-with-dsym";
				ENABLE_STRICT_OBJC_MSGSEND = YES;
				ENABLE_TESTABILITY = YES;
				GCC_C_LANGUAGE_STANDARD = gnu99;
				GCC_DYNAMIC_NO_PIC = NO;
				GCC_NO_COMMON_BLOCKS = YES;
				GCC_OPTIMIZATION_LEVEL = 0;
				GCC_PREPROCESSOR_DEFINITIONS = (
					"DEBUG=1",
					"$(inherited)",
				);
				GCC_SYMBOLS_PRIVATE_EXTERN = NO;
				GCC_WARN_64_TO_32_BIT_CONVERSION = YES;
				GCC_WARN_ABOUT_RETURN_TYPE = YES_ERROR;
				GCC_WARN_UNDECLARED_SELECTOR = YES;
				GCC_WARN_UNINITIALIZED_AUTOS = YES_AGGRESSIVE;
				GCC_WARN_UNUSED_FUNCTION = YES;
				GCC_WARN_UNUSED_VARIABLE = YES;
				IPHONEOS_DEPLOYMENT_TARGET = 8.3;
				MTL_ENABLE_DEBUG_INFO = YES;
				ONLY_ACTIVE_ARCH = YES;
				SDKROOT = iphoneos;
				TARGETED_DEVICE_FAMILY = "1,2";
			};
			name = Debug;
		};
		7D95262D1B5E82C800A7E3A1 /* Release */ = {
			isa = XCBuildConfiguration;
			buildSettings = {
				ALWAYS_SEARCH_USER_PATHS = NO;
				CLANG_ANALYZER_LOCALIZABILITY_NONLOCALIZED = YES;
				CLANG_CXX_LANGUAGE_STANDARD = "gnu++0x";
				CLANG_CXX_LIBRARY = "libc++";
				CLANG_ENABLE_MODULES = YES;
				CLANG_ENABLE_OBJC_ARC = YES;
				CLANG_WARN_BLOCK_CAPTURE_AUTORELEASING = YES;
				CLANG_WARN_BOOL_CONVERSION = YES;
				CLANG_WARN_COMMA = YES;
				CLANG_WARN_CONSTANT_CONVERSION = YES;
				CLANG_WARN_DEPRECATED_OBJC_IMPLEMENTATIONS = YES;
				CLANG_WARN_DIRECT_OBJC_ISA_USAGE = YES_ERROR;
				CLANG_WARN_EMPTY_BODY = YES;
				CLANG_WARN_ENUM_CONVERSION = YES;
				CLANG_WARN_INFINITE_RECURSION = YES;
				CLANG_WARN_INT_CONVERSION = YES;
				CLANG_WARN_NON_LITERAL_NULL_CONVERSION = YES;
				CLANG_WARN_OBJC_IMPLICIT_RETAIN_SELF = YES;
				CLANG_WARN_OBJC_LITERAL_CONVERSION = YES;
				CLANG_WARN_OBJC_ROOT_CLASS = YES_ERROR;
				CLANG_WARN_RANGE_LOOP_ANALYSIS = YES;
				CLANG_WARN_STRICT_PROTOTYPES = YES;
				CLANG_WARN_SUSPICIOUS_MOVE = YES;
				CLANG_WARN_UNREACHABLE_CODE = YES;
				CLANG_WARN__DUPLICATE_METHOD_MATCH = YES;
				"CODE_SIGN_IDENTITY[sdk=iphoneos*]" = "iPhone Developer";
				COPY_PHASE_STRIP = NO;
				DEBUG_INFORMATION_FORMAT = "dwarf-with-dsym";
				ENABLE_NS_ASSERTIONS = NO;
				ENABLE_STRICT_OBJC_MSGSEND = YES;
				GCC_C_LANGUAGE_STANDARD = gnu99;
				GCC_NO_COMMON_BLOCKS = YES;
				GCC_WARN_64_TO_32_BIT_CONVERSION = YES;
				GCC_WARN_ABOUT_RETURN_TYPE = YES_ERROR;
				GCC_WARN_UNDECLARED_SELECTOR = YES;
				GCC_WARN_UNINITIALIZED_AUTOS = YES_AGGRESSIVE;
				GCC_WARN_UNUSED_FUNCTION = YES;
				GCC_WARN_UNUSED_VARIABLE = YES;
				IPHONEOS_DEPLOYMENT_TARGET = 8.3;
				MTL_ENABLE_DEBUG_INFO = NO;
				SDKROOT = iphoneos;
				TARGETED_DEVICE_FAMILY = "1,2";
				VALIDATE_PRODUCT = YES;
			};
			name = Release;
		};
		7D95262F1B5E82C800A7E3A1 /* Debug */ = {
			isa = XCBuildConfiguration;
			buildSettings = {
				ASSETCATALOG_COMPILER_APPICON_NAME = AppIcon;
				INFOPLIST_FILE = Oracle/Info.plist;
				LD_RUNPATH_SEARCH_PATHS = "$(inherited) @executable_path/Frameworks";
				PRODUCT_BUNDLE_IDENTIFIER = "$(PRODUCT_BUNDLE_IDENTIFIER)";
				PRODUCT_NAME = "$(TARGET_NAME)";
			};
			name = Debug;
		};
		7D9526301B5E82C800A7E3A1 /* Release */ = {
			isa = XCBuildConfiguration;
			buildSettings = {
				ASSETCATALOG_COMPILER_APPICON_NAME = AppIcon;
				INFOPLIST_FILE = Oracle/Info.plist;
				LD_RUNPATH_SEARCH_PATHS = "$(inherited) @executable_path/Frameworks";
				PRODUCT_BUNDLE_IDENTIFIER = "$(PRODUCT_BUNDLE_IDENTIFIER)";
				PRODUCT_NAME = "$(TARGET_NAME)";
			};
			name = Release;
		};
		7D9526321B5E82C800A7E3A1 /* Debug */ = {
			isa = XCBuildConfiguration;
			buildSettings = {
				BUNDLE_LOADER = "$(TEST_HOST)";
				FRAMEWORK_SEARCH_PATHS = (
					"$(SDKROOT)/Developer/Library/Frameworks",
					"$(inherited)",
				);
				GCC_PREPROCESSOR_DEFINITIONS = (
					"DEBUG=1",
					"$(inherited)",
				);
				INFOPLIST_FILE = OracleTests/Info.plist;
				LD_RUNPATH_SEARCH_PATHS = "$(inherited) @executable_path/Frameworks @loader_path/Frameworks";
				PRODUCT_BUNDLE_IDENTIFIER = "$(PRODUCT_BUNDLE_IDENTIFIER)";
				PRODUCT_NAME = "$(TARGET_NAME)";
				TEST_HOST = "$(BUILT_PRODUCTS_DIR)/Oracle.app/Oracle";
			};
			name = Debug;
		};
		7D9526331B5E82C800A7E3A1 /* Release */ = {
			isa = XCBuildConfiguration;
			buildSettings = {
				BUNDLE_LOADER = "$(TEST_HOST)";
				FRAMEWORK_SEARCH_PATHS = (
					"$(SDKROOT)/Developer/Library/Frameworks",
					"$(inherited)",
				);
				INFOPLIST_FILE = OracleTests/Info.plist;
				LD_RUNPATH_SEARCH_PATHS = "$(inherited) @executable_path/Frameworks @loader_path/Frameworks";
				PRODUCT_BUNDLE_IDENTIFIER = "$(PRODUCT_BUNDLE_IDENTIFIER)";
				PRODUCT_NAME = "$(TARGET_NAME)";
				TEST_HOST = "$(BUILT_PRODUCTS_DIR)/Oracle.app/Oracle";
			};
			name = Release;
		};
/* End XCBuildConfiguration section */

/* Begin XCConfigurationList section */
		7D9526031B5E82C700A7E3A1 /* Build configuration list for PBXProject "Oracle" */ = {
			isa = XCConfigurationList;
			buildConfigurations = (
				7D95262C1B5E82C800A7E3A1 /* Debug */,
				7D95262D1B5E82C800A7E3A1 /* Release */,
			);
			defaultConfigurationIsVisible = 0;
			defaultConfigurationName = Release;
		};
		7D95262E1B5E82C800A7E3A1 /* Build configuration list for PBXNativeTarget "Oracle" */ = {
			isa = XCConfigurationList;
			buildConfigurations = (
				7D95262F1B5E82C800A7E3A1 /* Debug */,
				7D9526301B5E82C800A7E3A1 /* Release */,
			);
			defaultConfigurationIsVisible = 0;
			defaultConfigurationName = Release;
		};
		7D9526311B5E82C800A7E3A1 /* Build configuration list for PBXNativeTarget "OracleTests" */ = {
			isa = XCConfigurationList;
			buildConfigurations = (
				7D9526321B5E82C800A7E3A1 /* Debug */,
				7D9526331B5E82C800A7E3A1 /* Release */,
			);
			defaultConfigurationIsVisible = 0;
			defaultConfigurationName = Release;
		};
/* End XCConfigurationList section */

/* Begin XCVersionGroup section */
		7D9526121B5E82C700A7E3A1 /* Oracle.xcdatamodeld */ = {
			isa = XCVersionGroup;
			children = (
				7D9526131B5E82C700A7E3A1 /* Oracle.xcdatamodel */,
			);
			currentVersion = 7D9526131B5E82C700A7E3A1 /* Oracle.xcdatamodel */;
			path = Oracle.xcdatamodeld;
			sourceTree = "<group>";
			versionGroupType = wrapper.xcdatamodel;
		};
/* End XCVersionGroup section */
	};
	rootObject = 7D9526001B5E82C700A7E3A1 /* Project object */;
}
